{
  "version": 4,
  "terraform_version": "1.11.1",
  "serial": 240,
  "lineage": "9b5874f6-af3b-7a7a-5238-8c0bc7b314ba",
  "outputs": {},
  "resources": [
    {
      "mode": "managed",
      "type": "aci_application_epg",
      "name": "tn-3pt-vl700-web-epg",
      "provider": "provider[\"registry.terraform.io/ciscodevnet/aci\"]",
      "instances": [
        {
          "schema_version": 2,
          "attributes": {
            "admin_state": "no",
            "annotation": "orchestrator:terraform",
            "annotations": [],
            "application_profile_dn": "uni/tn-tn-3pt/ap-AP-TN-3pt-PRD",
            "contract_exception_tag": "",
            "description": "",
            "epg_useg_block_statement": {
              "annotation": null,
              "annotations": null,
              "description": null,
              "match": null,
              "name": null,
              "name_alias": null,
              "owner_key": null,
              "owner_tag": null,
              "precedence": null,
              "scope": null,
              "tags": null
            },
            "exception_tag": "",
            "flood_in_encapsulation": "disabled",
            "flood_on_encap": "disabled",
            "forwarding_control": "none",
            "fwd_ctrl": "none",
            "has_mcast_source": "no",
            "has_multicast_source": "no",
            "id": "uni/tn-tn-3pt/ap-AP-TN-3pt-PRD/epg-tn-3pt-vl700-web-epg",
            "intra_epg_isolation": "unenforced",
            "is_attr_based_epg": "no",
            "match_criteria": "AtleastOne",
            "match_t": "AtleastOne",
            "name": "tn-3pt-vl700-web-epg",
            "name_alias": "",
            "parent_dn": "uni/tn-tn-3pt/ap-AP-TN-3pt-PRD",
            "pc_enf_pref": "unenforced",
            "pc_tag": "49155",
            "pref_gr_memb": "exclude",
            "preferred_group_member": "exclude",
            "prio": "unspecified",
            "priority": "unspecified",
            "relation_fv_rs_aepg_mon_pol": null,
            "relation_fv_rs_bd": "uni/tn-tn-3pt/BD-tn-3pt-vl700_web_bd",
            "relation_fv_rs_cons": [],
            "relation_fv_rs_cons_if": [],
            "relation_fv_rs_cust_qos_pol": "uni/tn-common/qoscustom-default",
            "relation_fv_rs_dpp_pol": null,
            "relation_fv_rs_fc_path_att": [],
            "relation_fv_rs_intra_epg": [],
            "relation_fv_rs_node_att": [],
            "relation_fv_rs_path_att": [],
            "relation_fv_rs_prot_by": [],
            "relation_fv_rs_prov": [],
            "relation_fv_rs_prov_def": [],
            "relation_fv_rs_sec_inherited": [],
            "relation_fv_rs_trust_ctrl": null,
            "relation_to_bridge_domain": {
              "annotation": "",
              "annotations": [],
              "bridge_domain_name": "tn-3pt-vl700_web_bd",
              "tags": []
            },
            "relation_to_consumed_contracts": [],
            "relation_to_contract_masters": [],
            "relation_to_custom_qos_policy": {
              "annotation": "",
              "annotations": [],
              "custom_qos_policy_name": "",
              "tags": []
            },
            "relation_to_data_plane_policing_policy": {
              "annotation": null,
              "annotations": null,
              "data_plane_policing_policy_name": null,
              "tags": null
            },
            "relation_to_domains": [],
            "relation_to_fibre_channel_paths": [],
            "relation_to_imported_contracts": [],
            "relation_to_intra_epg_contracts": [],
            "relation_to_monitoring_policy": {
              "annotation": null,
              "annotations": null,
              "monitoring_policy_name": null,
              "tags": null
            },
            "relation_to_provided_contracts": [],
            "relation_to_static_leafs": [],
            "relation_to_static_paths": [],
            "relation_to_taboo_contracts": [],
            "relation_to_trust_control_policy": {
              "annotation": null,
              "annotations": null,
              "tags": null,
              "trust_control_policy_name": null
            },
            "scope": "3112960",
            "shutdown": "no",
            "tags": [],
            "useg_epg": "no"
          },
          "sensitive_attributes": [],
          "dependencies": [
            "aci_application_profile.AP-TN-3pt-PRD",
            "aci_bridge_domain.tn-3pt-vl700-3pt-web-bd",
            "aci_tenant.tn-3pt",
            "aci_vrf.tn-3pt-vrf-PRD"
          ]
        }
      ]
    },
    {
      "mode": "managed",
      "type": "aci_application_epg",
      "name": "tn-3pt-vl701-app-epg",
      "provider": "provider[\"registry.terraform.io/ciscodevnet/aci\"]",
      "instances": [
        {
          "schema_version": 2,
          "attributes": {
            "admin_state": "no",
            "annotation": "orchestrator:terraform",
            "annotations": [],
            "application_profile_dn": "uni/tn-tn-3pt/ap-AP-TN-3pt-PRD",
            "contract_exception_tag": "",
            "description": "",
            "epg_useg_block_statement": {
              "annotation": null,
              "annotations": null,
              "description": null,
              "match": null,
              "name": null,
              "name_alias": null,
              "owner_key": null,
              "owner_tag": null,
              "precedence": null,
              "scope": null,
              "tags": null
            },
            "exception_tag": "",
            "flood_in_encapsulation": "disabled",
            "flood_on_encap": "disabled",
            "forwarding_control": "none",
            "fwd_ctrl": "none",
            "has_mcast_source": "no",
            "has_multicast_source": "no",
            "id": "uni/tn-tn-3pt/ap-AP-TN-3pt-PRD/epg-tn-3pt-vl701-app-epg",
            "intra_epg_isolation": "unenforced",
            "is_attr_based_epg": "no",
            "match_criteria": "AtleastOne",
            "match_t": "AtleastOne",
            "name": "tn-3pt-vl701-app-epg",
            "name_alias": "",
            "parent_dn": "uni/tn-tn-3pt/ap-AP-TN-3pt-PRD",
            "pc_enf_pref": "unenforced",
            "pc_tag": "49156",
            "pref_gr_memb": "exclude",
            "preferred_group_member": "exclude",
            "prio": "unspecified",
            "priority": "unspecified",
            "relation_fv_rs_aepg_mon_pol": null,
            "relation_fv_rs_bd": "uni/tn-tn-3pt/BD-tn-3pt-vl701_app_bd",
            "relation_fv_rs_cons": [],
            "relation_fv_rs_cons_if": [],
            "relation_fv_rs_cust_qos_pol": "uni/tn-common/qoscustom-default",
            "relation_fv_rs_dpp_pol": null,
            "relation_fv_rs_fc_path_att": [],
            "relation_fv_rs_intra_epg": [],
            "relation_fv_rs_node_att": [],
            "relation_fv_rs_path_att": [],
            "relation_fv_rs_prot_by": [],
            "relation_fv_rs_prov": [],
            "relation_fv_rs_prov_def": [],
            "relation_fv_rs_sec_inherited": [],
            "relation_fv_rs_trust_ctrl": null,
            "relation_to_bridge_domain": {
              "annotation": "",
              "annotations": [],
              "bridge_domain_name": "tn-3pt-vl701_app_bd",
              "tags": []
            },
            "relation_to_consumed_contracts": [],
            "relation_to_contract_masters": [],
            "relation_to_custom_qos_policy": {
              "annotation": "",
              "annotations": [],
              "custom_qos_policy_name": "",
              "tags": []
            },
            "relation_to_data_plane_policing_policy": {
              "annotation": null,
              "annotations": null,
              "data_plane_policing_policy_name": null,
              "tags": null
            },
            "relation_to_domains": [],
            "relation_to_fibre_channel_paths": [],
            "relation_to_imported_contracts": [],
            "relation_to_intra_epg_contracts": [],
            "relation_to_monitoring_policy": {
              "annotation": null,
              "annotations": null,
              "monitoring_policy_name": null,
              "tags": null
            },
            "relation_to_provided_contracts": [],
            "relation_to_static_leafs": [],
            "relation_to_static_paths": [],
            "relation_to_taboo_contracts": [],
            "relation_to_trust_control_policy": {
              "annotation": null,
              "annotations": null,
              "tags": null,
              "trust_control_policy_name": null
            },
            "scope": "3112960",
            "shutdown": "no",
            "tags": [],
            "useg_epg": "no"
          },
          "sensitive_attributes": [],
          "dependencies": [
            "aci_application_profile.AP-TN-3pt-PRD",
            "aci_bridge_domain.tn-3pt-vl701-3pt-app-bd",
            "aci_tenant.tn-3pt",
            "aci_vrf.tn-3pt-vrf-PRD"
          ]
        }
      ]
    },
    {
      "mode": "managed",
      "type": "aci_application_epg",
      "name": "tn-3pt-vl702-db-epg",
      "provider": "provider[\"registry.terraform.io/ciscodevnet/aci\"]",
      "instances": [
        {
          "schema_version": 2,
          "attributes": {
            "admin_state": "no",
            "annotation": "orchestrator:terraform",
            "annotations": [],
            "application_profile_dn": "uni/tn-tn-3pt/ap-AP-TN-3pt-PRD",
            "contract_exception_tag": "",
            "description": "",
            "epg_useg_block_statement": {
              "annotation": null,
              "annotations": null,
              "description": null,
              "match": null,
              "name": null,
              "name_alias": null,
              "owner_key": null,
              "owner_tag": null,
              "precedence": null,
              "scope": null,
              "tags": null
            },
            "exception_tag": "",
            "flood_in_encapsulation": "disabled",
            "flood_on_encap": "disabled",
            "forwarding_control": "none",
            "fwd_ctrl": "none",
            "has_mcast_source": "no",
            "has_multicast_source": "no",
            "id": "uni/tn-tn-3pt/ap-AP-TN-3pt-PRD/epg-tn-3pt-vl702-db-epg",
            "intra_epg_isolation": "unenforced",
            "is_attr_based_epg": "no",
            "match_criteria": "AtleastOne",
            "match_t": "AtleastOne",
            "name": "tn-3pt-vl702-db-epg",
            "name_alias": "",
            "parent_dn": "uni/tn-tn-3pt/ap-AP-TN-3pt-PRD",
            "pc_enf_pref": "unenforced",
            "pc_tag": "32775",
            "pref_gr_memb": "exclude",
            "preferred_group_member": "exclude",
            "prio": "unspecified",
            "priority": "unspecified",
            "relation_fv_rs_aepg_mon_pol": null,
            "relation_fv_rs_bd": "uni/tn-tn-3pt/BD-tn-3pt-vl702_db_bd",
            "relation_fv_rs_cons": [],
            "relation_fv_rs_cons_if": [],
            "relation_fv_rs_cust_qos_pol": "uni/tn-common/qoscustom-default",
            "relation_fv_rs_dpp_pol": null,
            "relation_fv_rs_fc_path_att": [],
            "relation_fv_rs_intra_epg": [],
            "relation_fv_rs_node_att": [],
            "relation_fv_rs_path_att": [],
            "relation_fv_rs_prot_by": [],
            "relation_fv_rs_prov": [],
            "relation_fv_rs_prov_def": [],
            "relation_fv_rs_sec_inherited": [],
            "relation_fv_rs_trust_ctrl": null,
            "relation_to_bridge_domain": {
              "annotation": "orchestrator:terraform",
              "annotations": [],
              "bridge_domain_name": "tn-3pt-vl702_db_bd",
              "tags": []
            },
            "relation_to_consumed_contracts": [],
            "relation_to_contract_masters": [],
            "relation_to_custom_qos_policy": {
              "annotation": "",
              "annotations": [],
              "custom_qos_policy_name": "",
              "tags": []
            },
            "relation_to_data_plane_policing_policy": {
              "annotation": null,
              "annotations": null,
              "data_plane_policing_policy_name": null,
              "tags": null
            },
            "relation_to_domains": [],
            "relation_to_fibre_channel_paths": [],
            "relation_to_imported_contracts": [],
            "relation_to_intra_epg_contracts": [],
            "relation_to_monitoring_policy": {
              "annotation": null,
              "annotations": null,
              "monitoring_policy_name": null,
              "tags": null
            },
            "relation_to_provided_contracts": [],
            "relation_to_static_leafs": [],
            "relation_to_static_paths": [],
            "relation_to_taboo_contracts": [],
            "relation_to_trust_control_policy": {
              "annotation": null,
              "annotations": null,
              "tags": null,
              "trust_control_policy_name": null
            },
            "scope": "3112960",
            "shutdown": "no",
            "tags": [],
            "useg_epg": "no"
          },
          "sensitive_attributes": [],
          "dependencies": [
            "aci_application_profile.AP-TN-3pt-PRD",
            "aci_bridge_domain.tn-3pt-vl702-3pt-db-bd",
            "aci_tenant.tn-3pt",
            "aci_vrf.tn-3pt-vrf-PRD"
          ]
        }
      ]
    },
    {
      "mode": "managed",
      "type": "aci_application_epg",
      "name": "tn-corp-vl500-web-epg",
      "provider": "provider[\"registry.terraform.io/ciscodevnet/aci\"]",
      "instances": [
        {
          "schema_version": 2,
          "attributes": {
            "admin_state": "no",
            "annotation": "orchestrator:terraform",
            "annotations": [],
            "application_profile_dn": "uni/tn-tn-corp/ap-AP-TN-corp-PRD",
            "contract_exception_tag": "",
            "description": "",
            "epg_useg_block_statement": {
              "annotation": null,
              "annotations": null,
              "description": null,
              "match": null,
              "name": null,
              "name_alias": null,
              "owner_key": null,
              "owner_tag": null,
              "precedence": null,
              "scope": null,
              "tags": null
            },
            "exception_tag": "",
            "flood_in_encapsulation": "disabled",
            "flood_on_encap": "disabled",
            "forwarding_control": "none",
            "fwd_ctrl": "none",
            "has_mcast_source": "no",
            "has_multicast_source": "no",
            "id": "uni/tn-tn-corp/ap-AP-TN-corp-PRD/epg-tn-corp-vl500-web-epg",
            "intra_epg_isolation": "unenforced",
            "is_attr_based_epg": "no",
            "match_criteria": "AtleastOne",
            "match_t": "AtleastOne",
            "name": "tn-corp-vl500-web-epg",
            "name_alias": "",
            "parent_dn": "uni/tn-tn-corp/ap-AP-TN-corp-PRD",
            "pc_enf_pref": "unenforced",
            "pc_tag": "16388",
            "pref_gr_memb": "exclude",
            "preferred_group_member": "exclude",
            "prio": "unspecified",
            "priority": "unspecified",
            "relation_fv_rs_aepg_mon_pol": null,
            "relation_fv_rs_bd": "uni/tn-tn-corp/BD-tn-corp-vl500_web_bd",
            "relation_fv_rs_cons": [],
            "relation_fv_rs_cons_if": [],
            "relation_fv_rs_cust_qos_pol": "uni/tn-common/qoscustom-default",
            "relation_fv_rs_dpp_pol": null,
            "relation_fv_rs_fc_path_att": [],
            "relation_fv_rs_intra_epg": [],
            "relation_fv_rs_node_att": [],
            "relation_fv_rs_path_att": [],
            "relation_fv_rs_prot_by": [],
            "relation_fv_rs_prov": [],
            "relation_fv_rs_prov_def": [],
            "relation_fv_rs_sec_inherited": [],
            "relation_fv_rs_trust_ctrl": null,
            "relation_to_bridge_domain": {
              "annotation": "",
              "annotations": [],
              "bridge_domain_name": "tn-corp-vl500_web_bd",
              "tags": []
            },
            "relation_to_consumed_contracts": [],
            "relation_to_contract_masters": [],
            "relation_to_custom_qos_policy": {
              "annotation": "",
              "annotations": [],
              "custom_qos_policy_name": "",
              "tags": []
            },
            "relation_to_data_plane_policing_policy": {
              "annotation": null,
              "annotations": null,
              "data_plane_policing_policy_name": null,
              "tags": null
            },
            "relation_to_domains": [],
            "relation_to_fibre_channel_paths": [],
            "relation_to_imported_contracts": [],
            "relation_to_intra_epg_contracts": [],
            "relation_to_monitoring_policy": {
              "annotation": null,
              "annotations": null,
              "monitoring_policy_name": null,
              "tags": null
            },
            "relation_to_provided_contracts": [],
            "relation_to_static_leafs": [],
            "relation_to_static_paths": [],
            "relation_to_taboo_contracts": [],
            "relation_to_trust_control_policy": {
              "annotation": null,
              "annotations": null,
              "tags": null,
              "trust_control_policy_name": null
            },
            "scope": "2457601",
            "shutdown": "no",
            "tags": [],
            "useg_epg": "no"
          },
          "sensitive_attributes": [],
          "dependencies": [
            "aci_application_profile.AP-TN-corp-PRD",
            "aci_bridge_domain.tn-corp-vl500-corp-web-bd",
            "aci_tenant.tn-corp",
            "aci_vrf.tn-corp-vrf-PRD"
          ]
        }
      ]
    },
    {
      "mode": "managed",
      "type": "aci_application_epg",
      "name": "tn-corp-vl501-app-epg",
      "provider": "provider[\"registry.terraform.io/ciscodevnet/aci\"]",
      "instances": [
        {
          "schema_version": 2,
          "attributes": {
            "admin_state": "no",
            "annotation": "orchestrator:terraform",
            "annotations": [],
            "application_profile_dn": "uni/tn-tn-corp/ap-AP-TN-corp-PRD",
            "contract_exception_tag": "",
            "description": "",
            "epg_useg_block_statement": {
              "annotation": null,
              "annotations": null,
              "description": null,
              "match": null,
              "name": null,
              "name_alias": null,
              "owner_key": null,
              "owner_tag": null,
              "precedence": null,
              "scope": null,
              "tags": null
            },
            "exception_tag": "",
            "flood_in_encapsulation": "disabled",
            "flood_on_encap": "disabled",
            "forwarding_control": "none",
            "fwd_ctrl": "none",
            "has_mcast_source": "no",
            "has_multicast_source": "no",
            "id": "uni/tn-tn-corp/ap-AP-TN-corp-PRD/epg-tn-corp-vl501-app-epg",
            "intra_epg_isolation": "unenforced",
            "is_attr_based_epg": "no",
            "match_criteria": "AtleastOne",
            "match_t": "AtleastOne",
            "name": "tn-corp-vl501-app-epg",
            "name_alias": "",
            "parent_dn": "uni/tn-tn-corp/ap-AP-TN-corp-PRD",
            "pc_enf_pref": "unenforced",
            "pc_tag": "32773",
            "pref_gr_memb": "exclude",
            "preferred_group_member": "exclude",
            "prio": "unspecified",
            "priority": "unspecified",
            "relation_fv_rs_aepg_mon_pol": null,
            "relation_fv_rs_bd": "uni/tn-tn-corp/BD-tn-corp-vl501_app_bd",
            "relation_fv_rs_cons": [],
            "relation_fv_rs_cons_if": [],
            "relation_fv_rs_cust_qos_pol": "uni/tn-common/qoscustom-default",
            "relation_fv_rs_dpp_pol": null,
            "relation_fv_rs_fc_path_att": [],
            "relation_fv_rs_intra_epg": [],
            "relation_fv_rs_node_att": [],
            "relation_fv_rs_path_att": [],
            "relation_fv_rs_prot_by": [],
            "relation_fv_rs_prov": [],
            "relation_fv_rs_prov_def": [],
            "relation_fv_rs_sec_inherited": [],
            "relation_fv_rs_trust_ctrl": null,
            "relation_to_bridge_domain": {
              "annotation": "",
              "annotations": [],
              "bridge_domain_name": "tn-corp-vl501_app_bd",
              "tags": []
            },
            "relation_to_consumed_contracts": [],
            "relation_to_contract_masters": [],
            "relation_to_custom_qos_policy": {
              "annotation": "",
              "annotations": [],
              "custom_qos_policy_name": "",
              "tags": []
            },
            "relation_to_data_plane_policing_policy": {
              "annotation": null,
              "annotations": null,
              "data_plane_policing_policy_name": null,
              "tags": null
            },
            "relation_to_domains": [],
            "relation_to_fibre_channel_paths": [],
            "relation_to_imported_contracts": [],
            "relation_to_intra_epg_contracts": [],
            "relation_to_monitoring_policy": {
              "annotation": null,
              "annotations": null,
              "monitoring_policy_name": null,
              "tags": null
            },
            "relation_to_provided_contracts": [],
            "relation_to_static_leafs": [],
            "relation_to_static_paths": [],
            "relation_to_taboo_contracts": [],
            "relation_to_trust_control_policy": {
              "annotation": null,
              "annotations": null,
              "tags": null,
              "trust_control_policy_name": null
            },
            "scope": "2457601",
            "shutdown": "no",
            "tags": [],
            "useg_epg": "no"
          },
          "sensitive_attributes": [],
          "dependencies": [
            "aci_application_profile.AP-TN-corp-PRD",
            "aci_bridge_domain.tn-corp-vl501-corp-app-bd",
            "aci_tenant.tn-corp",
            "aci_vrf.tn-corp-vrf-PRD"
          ]
        }
      ]
    },
    {
      "mode": "managed",
      "type": "aci_application_epg",
      "name": "tn-corp-vl502-app-epg",
      "provider": "provider[\"registry.terraform.io/ciscodevnet/aci\"]",
      "instances": [
        {
          "schema_version": 2,
          "attributes": {
            "admin_state": "no",
            "annotation": "orchestrator:terraform",
            "annotations": [],
            "application_profile_dn": "uni/tn-tn-corp/ap-AP-TN-corp-PRD",
            "contract_exception_tag": "",
            "description": "",
            "epg_useg_block_statement": {
              "annotation": null,
              "annotations": null,
              "description": null,
              "match": null,
              "name": null,
              "name_alias": null,
              "owner_key": null,
              "owner_tag": null,
              "precedence": null,
              "scope": null,
              "tags": null
            },
            "exception_tag": "",
            "flood_in_encapsulation": "disabled",
            "flood_on_encap": "disabled",
            "forwarding_control": "none",
            "fwd_ctrl": "none",
            "has_mcast_source": "no",
            "has_multicast_source": "no",
            "id": "uni/tn-tn-corp/ap-AP-TN-corp-PRD/epg-tn-corp-vl502-app-epg",
            "intra_epg_isolation": "unenforced",
            "is_attr_based_epg": "no",
            "match_criteria": "AtleastOne",
            "match_t": "AtleastOne",
            "name": "tn-corp-vl502-app-epg",
            "name_alias": "",
            "parent_dn": "uni/tn-tn-corp/ap-AP-TN-corp-PRD",
            "pc_enf_pref": "unenforced",
            "pc_tag": "32774",
            "pref_gr_memb": "exclude",
            "preferred_group_member": "exclude",
            "prio": "unspecified",
            "priority": "unspecified",
            "relation_fv_rs_aepg_mon_pol": null,
            "relation_fv_rs_bd": "uni/tn-tn-corp/BD-tn-corp-vl502_db_bd",
            "relation_fv_rs_cons": [],
            "relation_fv_rs_cons_if": [],
            "relation_fv_rs_cust_qos_pol": "uni/tn-common/qoscustom-default",
            "relation_fv_rs_dpp_pol": null,
            "relation_fv_rs_fc_path_att": [],
            "relation_fv_rs_intra_epg": [],
            "relation_fv_rs_node_att": [],
            "relation_fv_rs_path_att": [],
            "relation_fv_rs_prot_by": [],
            "relation_fv_rs_prov": [],
            "relation_fv_rs_prov_def": [],
            "relation_fv_rs_sec_inherited": [],
            "relation_fv_rs_trust_ctrl": null,
            "relation_to_bridge_domain": {
              "annotation": "",
              "annotations": [],
              "bridge_domain_name": "tn-corp-vl502_db_bd",
              "tags": []
            },
            "relation_to_consumed_contracts": [],
            "relation_to_contract_masters": [],
            "relation_to_custom_qos_policy": {
              "annotation": "",
              "annotations": [],
              "custom_qos_policy_name": "",
              "tags": []
            },
            "relation_to_data_plane_policing_policy": {
              "annotation": null,
              "annotations": null,
              "data_plane_policing_policy_name": null,
              "tags": null
            },
            "relation_to_domains": [],
            "relation_to_fibre_channel_paths": [],
            "relation_to_imported_contracts": [],
            "relation_to_intra_epg_contracts": [],
            "relation_to_monitoring_policy": {
              "annotation": null,
              "annotations": null,
              "monitoring_policy_name": null,
              "tags": null
            },
            "relation_to_provided_contracts": [],
            "relation_to_static_leafs": [],
            "relation_to_static_paths": [],
            "relation_to_taboo_contracts": [],
            "relation_to_trust_control_policy": {
              "annotation": null,
              "annotations": null,
              "tags": null,
              "trust_control_policy_name": null
            },
            "scope": "2457601",
            "shutdown": "no",
            "tags": [],
            "useg_epg": "no"
          },
          "sensitive_attributes": [],
          "dependencies": [
            "aci_application_profile.AP-TN-corp-PRD",
            "aci_bridge_domain.tn-corp-vl502-corp-db-bd",
            "aci_tenant.tn-corp",
            "aci_vrf.tn-corp-vrf-PRD"
          ]
        }
      ]
    },
    {
      "mode": "managed",
      "type": "aci_application_epg",
      "name": "tn-infra-vl600-web-epg",
      "provider": "provider[\"registry.terraform.io/ciscodevnet/aci\"]",
      "instances": [
        {
          "schema_version": 2,
          "attributes": {
            "admin_state": "no",
            "annotation": "orchestrator:terraform",
            "annotations": [],
            "application_profile_dn": "uni/tn-tn-infra/ap-AP-TN-infra-PRD",
            "contract_exception_tag": "",
            "description": "",
            "epg_useg_block_statement": {
              "annotation": null,
              "annotations": null,
              "description": null,
              "match": null,
              "name": null,
              "name_alias": null,
              "owner_key": null,
              "owner_tag": null,
              "precedence": null,
              "scope": null,
              "tags": null
            },
            "exception_tag": "",
            "flood_in_encapsulation": "disabled",
            "flood_on_encap": "disabled",
            "forwarding_control": "none",
            "fwd_ctrl": "none",
            "has_mcast_source": "no",
            "has_multicast_source": "no",
            "id": "uni/tn-tn-infra/ap-AP-TN-infra-PRD/epg-tn-infra-vl600-web-epg",
            "intra_epg_isolation": "unenforced",
            "is_attr_based_epg": "no",
            "match_criteria": "AtleastOne",
            "match_t": "AtleastOne",
            "name": "tn-infra-vl600-web-epg",
            "name_alias": "",
            "parent_dn": "uni/tn-tn-infra/ap-AP-TN-infra-PRD",
            "pc_enf_pref": "unenforced",
            "pc_tag": "32771",
            "pref_gr_memb": "exclude",
            "preferred_group_member": "exclude",
            "prio": "unspecified",
            "priority": "unspecified",
            "relation_fv_rs_aepg_mon_pol": null,
            "relation_fv_rs_bd": "uni/tn-tn-infra/BD-tn-infra-vl600_web_bd",
            "relation_fv_rs_cons": [],
            "relation_fv_rs_cons_if": [],
            "relation_fv_rs_cust_qos_pol": "uni/tn-common/qoscustom-default",
            "relation_fv_rs_dpp_pol": null,
            "relation_fv_rs_fc_path_att": [],
            "relation_fv_rs_intra_epg": [],
            "relation_fv_rs_node_att": [],
            "relation_fv_rs_path_att": [],
            "relation_fv_rs_prot_by": [],
            "relation_fv_rs_prov": [],
            "relation_fv_rs_prov_def": [],
            "relation_fv_rs_sec_inherited": [],
            "relation_fv_rs_trust_ctrl": null,
            "relation_to_bridge_domain": {
              "annotation": "",
              "annotations": [],
              "bridge_domain_name": "tn-infra-vl600_web_bd",
              "tags": []
            },
            "relation_to_consumed_contracts": [],
            "relation_to_contract_masters": [],
            "relation_to_custom_qos_policy": {
              "annotation": "",
              "annotations": [],
              "custom_qos_policy_name": "",
              "tags": []
            },
            "relation_to_data_plane_policing_policy": {
              "annotation": null,
              "annotations": null,
              "data_plane_policing_policy_name": null,
              "tags": null
            },
            "relation_to_domains": [],
            "relation_to_fibre_channel_paths": [],
            "relation_to_imported_contracts": [],
            "relation_to_intra_epg_contracts": [],
            "relation_to_monitoring_policy": {
              "annotation": null,
              "annotations": null,
              "monitoring_policy_name": null,
              "tags": null
            },
            "relation_to_provided_contracts": [],
            "relation_to_static_leafs": [],
            "relation_to_static_paths": [],
            "relation_to_taboo_contracts": [],
            "relation_to_trust_control_policy": {
              "annotation": null,
              "annotations": null,
              "tags": null,
              "trust_control_policy_name": null
            },
            "scope": "2424832",
            "shutdown": "no",
            "tags": [],
            "useg_epg": "no"
          },
          "sensitive_attributes": [],
          "dependencies": [
            "aci_application_profile.AP-TN-infra-PRD",
            "aci_bridge_domain.tn-infra-vl600-infra-web-bd",
            "aci_tenant.tn-infra",
            "aci_vrf.tn-infra-vrf-PRD"
          ]
        }
      ]
    },
    {
      "mode": "managed",
      "type": "aci_application_epg",
      "name": "tn-infra-vl601-app-epg",
      "provider": "provider[\"registry.terraform.io/ciscodevnet/aci\"]",
      "instances": [
        {
          "schema_version": 2,
          "attributes": {
            "admin_state": "no",
            "annotation": "orchestrator:terraform",
            "annotations": [],
            "application_profile_dn": "uni/tn-tn-infra/ap-AP-TN-infra-DEV",
            "contract_exception_tag": "",
            "description": "",
            "epg_useg_block_statement": {
              "annotation": null,
              "annotations": null,
              "description": null,
              "match": null,
              "name": null,
              "name_alias": null,
              "owner_key": null,
              "owner_tag": null,
              "precedence": null,
              "scope": null,
              "tags": null
            },
            "exception_tag": "",
            "flood_in_encapsulation": "disabled",
            "flood_on_encap": "disabled",
            "forwarding_control": "none",
            "fwd_ctrl": "none",
            "has_mcast_source": "no",
            "has_multicast_source": "no",
            "id": "uni/tn-tn-infra/ap-AP-TN-infra-DEV/epg-tn-infra-vl601-app-epg",
            "intra_epg_isolation": "unenforced",
            "is_attr_based_epg": "no",
            "match_criteria": "AtleastOne",
            "match_t": "AtleastOne",
            "name": "tn-infra-vl601-app-epg",
            "name_alias": "",
            "parent_dn": "uni/tn-tn-infra/ap-AP-TN-infra-DEV",
            "pc_enf_pref": "unenforced",
            "pc_tag": "49154",
            "pref_gr_memb": "exclude",
            "preferred_group_member": "exclude",
            "prio": "unspecified",
            "priority": "unspecified",
            "relation_fv_rs_aepg_mon_pol": null,
            "relation_fv_rs_bd": "uni/tn-tn-infra/BD-tn-infra-vl601_app_bd",
            "relation_fv_rs_cons": [],
            "relation_fv_rs_cons_if": [],
            "relation_fv_rs_cust_qos_pol": "uni/tn-common/qoscustom-default",
            "relation_fv_rs_dpp_pol": null,
            "relation_fv_rs_fc_path_att": [],
            "relation_fv_rs_intra_epg": [],
            "relation_fv_rs_node_att": [],
            "relation_fv_rs_path_att": [],
            "relation_fv_rs_prot_by": [],
            "relation_fv_rs_prov": [],
            "relation_fv_rs_prov_def": [],
            "relation_fv_rs_sec_inherited": [],
            "relation_fv_rs_trust_ctrl": null,
            "relation_to_bridge_domain": {
              "annotation": "orchestrator:terraform",
              "annotations": [],
              "bridge_domain_name": "tn-infra-vl601_app_bd",
              "tags": []
            },
            "relation_to_consumed_contracts": [],
            "relation_to_contract_masters": [],
            "relation_to_custom_qos_policy": {
              "annotation": "",
              "annotations": [],
              "custom_qos_policy_name": "",
              "tags": []
            },
            "relation_to_data_plane_policing_policy": {
              "annotation": null,
              "annotations": null,
              "data_plane_policing_policy_name": null,
              "tags": null
            },
            "relation_to_domains": [],
            "relation_to_fibre_channel_paths": [],
            "relation_to_imported_contracts": [],
            "relation_to_intra_epg_contracts": [],
            "relation_to_monitoring_policy": {
              "annotation": null,
              "annotations": null,
              "monitoring_policy_name": null,
              "tags": null
            },
            "relation_to_provided_contracts": [],
            "relation_to_static_leafs": [],
            "relation_to_static_paths": [],
            "relation_to_taboo_contracts": [],
            "relation_to_trust_control_policy": {
              "annotation": null,
              "annotations": null,
              "tags": null,
              "trust_control_policy_name": null
            },
            "scope": "2523136",
            "shutdown": "no",
            "tags": [],
            "useg_epg": "no"
          },
          "sensitive_attributes": [],
          "dependencies": [
            "aci_application_profile.AP-TN-infra-DEV",
            "aci_bridge_domain.tn-infra-vl601-infra-app-bd",
            "aci_tenant.tn-infra",
            "aci_vrf.tn-infra-vrf-DEV"
          ]
        }
      ]
    },
    {
      "mode": "managed",
      "type": "aci_application_epg",
      "name": "tn-infra-vl602-db-epg",
      "provider": "provider[\"registry.terraform.io/ciscodevnet/aci\"]",
      "instances": [
        {
          "schema_version": 2,
          "attributes": {
            "admin_state": "no",
            "annotation": "orchestrator:terraform",
            "annotations": [],
            "application_profile_dn": "uni/tn-tn-infra/ap-AP-TN-infra-UAT",
            "contract_exception_tag": "",
            "description": "",
            "epg_useg_block_statement": {
              "annotation": null,
              "annotations": null,
              "description": null,
              "match": null,
              "name": null,
              "name_alias": null,
              "owner_key": null,
              "owner_tag": null,
              "precedence": null,
              "scope": null,
              "tags": null
            },
            "exception_tag": "",
            "flood_in_encapsulation": "disabled",
            "flood_on_encap": "disabled",
            "forwarding_control": "none",
            "fwd_ctrl": "none",
            "has_mcast_source": "no",
            "has_multicast_source": "no",
            "id": "uni/tn-tn-infra/ap-AP-TN-infra-UAT/epg-tn-infra-vl602-db-epg",
            "intra_epg_isolation": "unenforced",
            "is_attr_based_epg": "no",
            "match_criteria": "AtleastOne",
            "match_t": "AtleastOne",
            "name": "tn-infra-vl602-db-epg",
            "name_alias": "",
            "parent_dn": "uni/tn-tn-infra/ap-AP-TN-infra-UAT",
            "pc_enf_pref": "unenforced",
            "pc_tag": "16389",
            "pref_gr_memb": "exclude",
            "preferred_group_member": "exclude",
            "prio": "unspecified",
            "priority": "unspecified",
            "relation_fv_rs_aepg_mon_pol": null,
            "relation_fv_rs_bd": "uni/tn-tn-infra/BD-tn-infra-vl602_db_bd",
            "relation_fv_rs_cons": [],
            "relation_fv_rs_cons_if": [],
            "relation_fv_rs_cust_qos_pol": "uni/tn-common/qoscustom-default",
            "relation_fv_rs_dpp_pol": null,
            "relation_fv_rs_fc_path_att": [],
            "relation_fv_rs_intra_epg": [],
            "relation_fv_rs_node_att": [],
            "relation_fv_rs_path_att": [],
            "relation_fv_rs_prot_by": [],
            "relation_fv_rs_prov": [],
            "relation_fv_rs_prov_def": [],
            "relation_fv_rs_sec_inherited": [],
            "relation_fv_rs_trust_ctrl": null,
            "relation_to_bridge_domain": {
              "annotation": "orchestrator:terraform",
              "annotations": [],
              "bridge_domain_name": "tn-infra-vl602_db_bd",
              "tags": []
            },
            "relation_to_consumed_contracts": [],
            "relation_to_contract_masters": [],
            "relation_to_custom_qos_policy": {
              "annotation": "",
              "annotations": [],
              "custom_qos_policy_name": "",
              "tags": []
            },
            "relation_to_data_plane_policing_policy": {
              "annotation": null,
              "annotations": null,
              "data_plane_policing_policy_name": null,
              "tags": null
            },
            "relation_to_domains": [],
            "relation_to_fibre_channel_paths": [],
            "relation_to_imported_contracts": [],
            "relation_to_intra_epg_contracts": [],
            "relation_to_monitoring_policy": {
              "annotation": null,
              "annotations": null,
              "monitoring_policy_name": null,
              "tags": null
            },
            "relation_to_provided_contracts": [],
            "relation_to_static_leafs": [],
            "relation_to_static_paths": [],
            "relation_to_taboo_contracts": [],
            "relation_to_trust_control_policy": {
              "annotation": null,
              "annotations": null,
              "tags": null,
              "trust_control_policy_name": null
            },
            "scope": "2686976",
            "shutdown": "no",
            "tags": [],
            "useg_epg": "no"
          },
          "sensitive_attributes": [],
          "dependencies": [
            "aci_application_profile.AP-TN-infra-UAT",
            "aci_bridge_domain.tn-infra-vl602-infra-db-bd",
            "aci_tenant.tn-infra",
            "aci_vrf.tn-infra-vrf-UAT"
          ]
        }
      ]
    },
    {
      "mode": "managed",
      "type": "aci_application_profile",
      "name": "AP-TN-3pt-DEV",
      "provider": "provider[\"registry.terraform.io/ciscodevnet/aci\"]",
      "instances": [
        {
          "schema_version": 2,
          "attributes": {
            "annotation": "orchestrator:terraform",
            "annotations": [],
            "description": "",
            "id": "uni/tn-tn-3pt/ap-AP-TN-3pt-DEV",
            "name": "AP-TN-3pt-DEV",
            "name_alias": "",
            "owner_key": "",
            "owner_tag": "",
            "parent_dn": "uni/tn-tn-3pt",
            "prio": "unspecified",
            "priority": "unspecified",
            "relation_fv_rs_ap_mon_pol": null,
            "relation_to_monitoring_policy": {
              "annotation": null,
              "annotations": null,
              "monitoring_policy_name": null,
              "tags": null
            },
            "tags": [],
            "tenant_dn": "uni/tn-tn-3pt"
          },
          "sensitive_attributes": [],
          "dependencies": [
            "aci_tenant.tn-3pt"
          ]
        }
      ]
    },
    {
      "mode": "managed",
      "type": "aci_application_profile",
      "name": "AP-TN-3pt-PRD",
      "provider": "provider[\"registry.terraform.io/ciscodevnet/aci\"]",
      "instances": [
        {
          "schema_version": 2,
          "attributes": {
            "annotation": "orchestrator:terraform",
            "annotations": [],
            "description": "",
            "id": "uni/tn-tn-3pt/ap-AP-TN-3pt-PRD",
            "name": "AP-TN-3pt-PRD",
            "name_alias": "",
            "owner_key": "",
            "owner_tag": "",
            "parent_dn": "uni/tn-tn-3pt",
            "prio": "unspecified",
            "priority": "unspecified",
            "relation_fv_rs_ap_mon_pol": null,
            "relation_to_monitoring_policy": {
              "annotation": null,
              "annotations": null,
              "monitoring_policy_name": null,
              "tags": null
            },
            "tags": [],
            "tenant_dn": "uni/tn-tn-3pt"
          },
          "sensitive_attributes": [],
          "dependencies": [
            "aci_tenant.tn-3pt"
          ]
        }
      ]
    },
    {
      "mode": "managed",
      "type": "aci_application_profile",
      "name": "AP-TN-3pt-UAT",
      "provider": "provider[\"registry.terraform.io/ciscodevnet/aci\"]",
      "instances": [
        {
          "schema_version": 2,
          "attributes": {
            "annotation": "orchestrator:terraform",
            "annotations": [],
            "description": "",
            "id": "uni/tn-tn-3pt/ap-AP-TN-3pt-UAT",
            "name": "AP-TN-3pt-UAT",
            "name_alias": "",
            "owner_key": "",
            "owner_tag": "",
            "parent_dn": "uni/tn-tn-3pt",
            "prio": "unspecified",
            "priority": "unspecified",
            "relation_fv_rs_ap_mon_pol": null,
            "relation_to_monitoring_policy": {
              "annotation": null,
              "annotations": null,
              "monitoring_policy_name": null,
              "tags": null
            },
            "tags": [],
            "tenant_dn": "uni/tn-tn-3pt"
          },
          "sensitive_attributes": [],
          "dependencies": [
            "aci_tenant.tn-3pt"
          ]
        }
      ]
    },
    {
      "mode": "managed",
      "type": "aci_application_profile",
      "name": "AP-TN-corp-DEV",
      "provider": "provider[\"registry.terraform.io/ciscodevnet/aci\"]",
      "instances": [
        {
          "schema_version": 2,
          "attributes": {
            "annotation": "orchestrator:terraform",
            "annotations": [],
            "description": "",
            "id": "uni/tn-tn-corp/ap-AP-TN-corp-DEV",
            "name": "AP-TN-corp-DEV",
            "name_alias": "",
            "owner_key": "",
            "owner_tag": "",
            "parent_dn": "uni/tn-tn-corp",
            "prio": "unspecified",
            "priority": "unspecified",
            "relation_fv_rs_ap_mon_pol": null,
            "relation_to_monitoring_policy": {
              "annotation": null,
              "annotations": null,
              "monitoring_policy_name": null,
              "tags": null
            },
            "tags": [],
            "tenant_dn": "uni/tn-tn-corp"
          },
          "sensitive_attributes": [],
          "dependencies": [
            "aci_tenant.tn-corp"
          ]
        }
      ]
    },
    {
      "mode": "managed",
      "type": "aci_application_profile",
      "name": "AP-TN-corp-PRD",
      "provider": "provider[\"registry.terraform.io/ciscodevnet/aci\"]",
      "instances": [
        {
          "schema_version": 2,
          "attributes": {
            "annotation": "orchestrator:terraform",
            "annotations": [],
            "description": "",
            "id": "uni/tn-tn-corp/ap-AP-TN-corp-PRD",
            "name": "AP-TN-corp-PRD",
            "name_alias": "",
            "owner_key": "",
            "owner_tag": "",
            "parent_dn": "uni/tn-tn-corp",
            "prio": "unspecified",
            "priority": "unspecified",
            "relation_fv_rs_ap_mon_pol": null,
            "relation_to_monitoring_policy": {
              "annotation": null,
              "annotations": null,
              "monitoring_policy_name": null,
              "tags": null
            },
            "tags": [],
            "tenant_dn": "uni/tn-tn-corp"
          },
          "sensitive_attributes": [],
          "dependencies": [
            "aci_tenant.tn-corp"
          ]
        }
      ]
    },
    {
      "mode": "managed",
      "type": "aci_application_profile",
      "name": "AP-TN-corp-UAT",
      "provider": "provider[\"registry.terraform.io/ciscodevnet/aci\"]",
      "instances": [
        {
          "schema_version": 2,
          "attributes": {
            "annotation": "orchestrator:terraform",
            "annotations": [],
            "description": "",
            "id": "uni/tn-tn-corp/ap-AP-TN-corp-UAT",
            "name": "AP-TN-corp-UAT",
            "name_alias": "",
            "owner_key": "",
            "owner_tag": "",
            "parent_dn": "uni/tn-tn-corp",
            "prio": "unspecified",
            "priority": "unspecified",
            "relation_fv_rs_ap_mon_pol": null,
            "relation_to_monitoring_policy": {
              "annotation": null,
              "annotations": null,
              "monitoring_policy_name": null,
              "tags": null
            },
            "tags": [],
            "tenant_dn": "uni/tn-tn-corp"
          },
          "sensitive_attributes": [],
          "dependencies": [
            "aci_tenant.tn-corp"
          ]
        }
      ]
    },
    {
      "mode": "managed",
      "type": "aci_application_profile",
      "name": "AP-TN-infra-DEV",
      "provider": "provider[\"registry.terraform.io/ciscodevnet/aci\"]",
      "instances": [
        {
          "schema_version": 2,
          "attributes": {
            "annotation": "orchestrator:terraform",
            "annotations": [],
            "description": "",
            "id": "uni/tn-tn-infra/ap-AP-TN-infra-DEV",
            "name": "AP-TN-infra-DEV",
            "name_alias": "",
            "owner_key": "",
            "owner_tag": "",
            "parent_dn": "uni/tn-tn-infra",
            "prio": "unspecified",
            "priority": "unspecified",
            "relation_fv_rs_ap_mon_pol": null,
            "relation_to_monitoring_policy": {
              "annotation": null,
              "annotations": null,
              "monitoring_policy_name": null,
              "tags": null
            },
            "tags": [],
            "tenant_dn": "uni/tn-tn-infra"
          },
          "sensitive_attributes": [],
          "dependencies": [
            "aci_tenant.tn-infra"
          ]
        }
      ]
    },
    {
      "mode": "managed",
      "type": "aci_application_profile",
      "name": "AP-TN-infra-PRD",
      "provider": "provider[\"registry.terraform.io/ciscodevnet/aci\"]",
      "instances": [
        {
          "schema_version": 2,
          "attributes": {
            "annotation": "orchestrator:terraform",
            "annotations": [],
            "description": "",
            "id": "uni/tn-tn-infra/ap-AP-TN-infra-PRD",
            "name": "AP-TN-infra-PRD",
            "name_alias": "",
            "owner_key": "",
            "owner_tag": "",
            "parent_dn": "uni/tn-tn-infra",
            "prio": "unspecified",
            "priority": "unspecified",
            "relation_fv_rs_ap_mon_pol": null,
            "relation_to_monitoring_policy": {
              "annotation": null,
              "annotations": null,
              "monitoring_policy_name": null,
              "tags": null
            },
            "tags": [],
            "tenant_dn": "uni/tn-tn-infra"
          },
          "sensitive_attributes": [],
          "dependencies": [
            "aci_tenant.tn-infra"
          ]
        }
      ]
    },
    {
      "mode": "managed",
      "type": "aci_application_profile",
      "name": "AP-TN-infra-UAT",
      "provider": "provider[\"registry.terraform.io/ciscodevnet/aci\"]",
      "instances": [
        {
          "schema_version": 2,
          "attributes": {
            "annotation": "orchestrator:terraform",
            "annotations": [],
            "description": "",
            "id": "uni/tn-tn-infra/ap-AP-TN-infra-UAT",
            "name": "AP-TN-infra-UAT",
            "name_alias": "",
            "owner_key": "",
            "owner_tag": "",
            "parent_dn": "uni/tn-tn-infra",
            "prio": "unspecified",
            "priority": "unspecified",
            "relation_fv_rs_ap_mon_pol": null,
            "relation_to_monitoring_policy": {
              "annotation": null,
              "annotations": null,
              "monitoring_policy_name": null,
              "tags": null
            },
            "tags": [],
            "tenant_dn": "uni/tn-tn-infra"
          },
          "sensitive_attributes": [],
          "dependencies": [
            "aci_tenant.tn-infra"
          ]
        }
      ]
    },
    {
      "mode": "managed",
      "type": "aci_bridge_domain",
      "name": "tn-3pt-vl700-3pt-web-bd",
      "provider": "provider[\"registry.terraform.io/ciscodevnet/aci\"]",
      "instances": [
        {
          "schema_version": 2,
          "attributes": {
            "advertise_host_routes": "no",
            "annotation": "orchestrator:terraform",
            "annotations": [],
            "arp_flood": "no",
            "arp_flooding": "no",
            "bridge_domain_type": "regular",
            "clear_remote_mac_entries": "no",
            "custom_mac_address": "00:22:BD:F8:19:FF",
            "description": "",
            "drop_arp_with_multicast_smac": "yes",
            "enable_intersite_bum_traffic": "no",
            "enable_rogue_exception_mac": "no",
            "endpoint_move_detection_mode": "",
            "ep_clear": "no",
            "ep_move_detect_mode": "",
            "host_based_routing": "no",
            "id": "uni/tn-tn-3pt/BD-tn-3pt-vl700_web_bd",
            "intersite_bum_traffic_allow": "no",
            "intersite_l2_stretch": "no",
            "ip_learning": "yes",
            "ipv6_l3_unknown_multicast_flooding": "flood",
            "ipv6_mcast_allow": "no",
            "l2_unknown_unicast_flooding": "proxy",
            "l3_unknown_multicast_flooding": "flood",
            "legacy_mode": {
              "annotation": null,
              "annotations": null,
              "description": null,
              "encapsulation": null,
              "name": null,
              "name_alias": null,
              "owner_key": null,
              "owner_tag": null,
              "tags": null
            },
            "limit_ip_learn_to_subnets": "yes",
            "link_local_ipv6_address": "::",
            "ll_addr": "::",
            "mac": "00:22:BD:F8:19:FF",
            "mcast_allow": "no",
            "multi_destination_flooding": "bd-flood",
            "multi_dst_pkt_act": "bd-flood",
            "name": "tn-3pt-vl700_web_bd",
            "name_alias": "",
            "optimize_wan_bandwidth": "no",
            "owner_key": "",
            "owner_tag": "",
            "parent_dn": "uni/tn-tn-3pt",
            "pc_tag": "49154",
            "pim": "no",
            "pim_ipv6": "no",
            "relation_fv_rs_abd_pol_mon_pol": null,
            "relation_fv_rs_bd_flood_to": [],
            "relation_fv_rs_bd_to_ep_ret": "uni/tn-common/epRPol-default",
            "relation_fv_rs_bd_to_fhs": null,
            "relation_fv_rs_bd_to_nd_p": "uni/tn-common/ndifpol-default",
            "relation_fv_rs_bd_to_netflow_monitor_pol": [],
            "relation_fv_rs_bd_to_out": [],
            "relation_fv_rs_bd_to_profile": null,
            "relation_fv_rs_bd_to_relay_p": null,
            "relation_fv_rs_ctx": "uni/tn-tn-3pt/ctx-tn-3pt-vrf-PRD",
            "relation_fv_rs_igmpsn": "uni/tn-common/snPol-default",
            "relation_fv_rs_mldsn": "uni/tn-common/mldsnoopPol-default",
            "relation_to_dhcp_relay_policy": {
              "annotation": null,
              "annotations": null,
              "dhcp_relay_policy_name": null,
              "tags": null
            },
            "relation_to_end_point_retention_policy": {
              "annotation": "",
              "annotations": [],
              "end_point_retention_policy_name": "",
              "resolve_action": "resolve",
              "tags": []
            },
            "relation_to_first_hop_security_policy": {
              "annotation": null,
              "annotations": null,
              "first_hop_security_policy_name": null,
              "tags": null
            },
            "relation_to_igmp_snooping_policy": {
              "annotation": "",
              "annotations": [],
              "igmp_snooping_policy_name": "",
              "tags": []
            },
            "relation_to_l3_outsides": [],
            "relation_to_mld_snooping_policy": {
              "annotation": "",
              "annotations": [],
              "mld_snooping_policy_name": "",
              "tags": []
            },
            "relation_to_monitoring_policy": {
              "annotation": null,
              "annotations": null,
              "monitoring_policy_name": null,
              "tags": null
            },
            "relation_to_neighbor_discovery_interface_policy": {
              "annotation": "",
              "annotations": [],
              "neighbor_discovery_interface_policy_name": "",
              "tags": []
            },
            "relation_to_netflow_monitor_policies": [],
            "relation_to_route_control_profile": {
              "annotation": null,
              "annotations": null,
              "l3_outside_name": null,
              "route_control_profile_name": null,
              "tags": null
            },
            "relation_to_vrf": {
              "annotation": "orchestrator:terraform",
              "annotations": [],
              "tags": [],
              "vrf_name": "tn-3pt-vrf-PRD"
            },
            "rogue_coop_exceptions": [],
            "scope": "3112960",
            "segment": "16351140",
            "service_bd_routing_disable": "no",
            "tags": [],
            "tenant_dn": "uni/tn-tn-3pt",
            "unicast_route": "yes",
            "unicast_routing": "yes",
            "unk_mac_ucast_act": "proxy",
            "unk_mcast_act": "flood",
            "v6unk_mcast_act": "flood",
            "virtual_mac_address": "not-applicable",
            "vmac": "not-applicable"
          },
          "sensitive_attributes": [],
          "dependencies": [
            "aci_tenant.tn-3pt",
            "aci_vrf.tn-3pt-vrf-PRD"
          ]
        }
      ]
    },
    {
      "mode": "managed",
      "type": "aci_bridge_domain",
      "name": "tn-3pt-vl701-3pt-app-bd",
      "provider": "provider[\"registry.terraform.io/ciscodevnet/aci\"]",
      "instances": [
        {
          "schema_version": 2,
          "attributes": {
            "advertise_host_routes": "no",
            "annotation": "orchestrator:terraform",
            "annotations": [],
            "arp_flood": "no",
            "arp_flooding": "no",
            "bridge_domain_type": "regular",
            "clear_remote_mac_entries": "no",
            "custom_mac_address": "00:22:BD:F8:19:FF",
            "description": "",
            "drop_arp_with_multicast_smac": "yes",
            "enable_intersite_bum_traffic": "no",
            "enable_rogue_exception_mac": "no",
            "endpoint_move_detection_mode": "",
            "ep_clear": "no",
            "ep_move_detect_mode": "",
            "host_based_routing": "no",
            "id": "uni/tn-tn-3pt/BD-tn-3pt-vl701_app_bd",
            "intersite_bum_traffic_allow": "no",
            "intersite_l2_stretch": "no",
            "ip_learning": "yes",
            "ipv6_l3_unknown_multicast_flooding": "flood",
            "ipv6_mcast_allow": "no",
            "l2_unknown_unicast_flooding": "proxy",
            "l3_unknown_multicast_flooding": "flood",
            "legacy_mode": {
              "annotation": null,
              "annotations": null,
              "description": null,
              "encapsulation": null,
              "name": null,
              "name_alias": null,
              "owner_key": null,
              "owner_tag": null,
              "tags": null
            },
            "limit_ip_learn_to_subnets": "yes",
            "link_local_ipv6_address": "::",
            "ll_addr": "::",
            "mac": "00:22:BD:F8:19:FF",
            "mcast_allow": "no",
            "multi_destination_flooding": "bd-flood",
            "multi_dst_pkt_act": "bd-flood",
            "name": "tn-3pt-vl701_app_bd",
            "name_alias": "",
            "optimize_wan_bandwidth": "no",
            "owner_key": "",
            "owner_tag": "",
            "parent_dn": "uni/tn-tn-3pt",
            "pc_tag": "32774",
            "pim": "no",
            "pim_ipv6": "no",
            "relation_fv_rs_abd_pol_mon_pol": null,
            "relation_fv_rs_bd_flood_to": [],
            "relation_fv_rs_bd_to_ep_ret": "uni/tn-common/epRPol-default",
            "relation_fv_rs_bd_to_fhs": null,
            "relation_fv_rs_bd_to_nd_p": "uni/tn-common/ndifpol-default",
            "relation_fv_rs_bd_to_netflow_monitor_pol": [],
            "relation_fv_rs_bd_to_out": [],
            "relation_fv_rs_bd_to_profile": null,
            "relation_fv_rs_bd_to_relay_p": null,
            "relation_fv_rs_ctx": "uni/tn-tn-3pt/ctx-tn-3pt-vrf-PRD",
            "relation_fv_rs_igmpsn": "uni/tn-common/snPol-default",
            "relation_fv_rs_mldsn": "uni/tn-common/mldsnoopPol-default",
            "relation_to_dhcp_relay_policy": {
              "annotation": null,
              "annotations": null,
              "dhcp_relay_policy_name": null,
              "tags": null
            },
            "relation_to_end_point_retention_policy": {
              "annotation": "",
              "annotations": [],
              "end_point_retention_policy_name": "",
              "resolve_action": "resolve",
              "tags": []
            },
            "relation_to_first_hop_security_policy": {
              "annotation": null,
              "annotations": null,
              "first_hop_security_policy_name": null,
              "tags": null
            },
            "relation_to_igmp_snooping_policy": {
              "annotation": "",
              "annotations": [],
              "igmp_snooping_policy_name": "",
              "tags": []
            },
            "relation_to_l3_outsides": [],
            "relation_to_mld_snooping_policy": {
              "annotation": "",
              "annotations": [],
              "mld_snooping_policy_name": "",
              "tags": []
            },
            "relation_to_monitoring_policy": {
              "annotation": null,
              "annotations": null,
              "monitoring_policy_name": null,
              "tags": null
            },
            "relation_to_neighbor_discovery_interface_policy": {
              "annotation": "",
              "annotations": [],
              "neighbor_discovery_interface_policy_name": "",
              "tags": []
            },
            "relation_to_netflow_monitor_policies": [],
            "relation_to_route_control_profile": {
              "annotation": null,
              "annotations": null,
              "l3_outside_name": null,
              "route_control_profile_name": null,
              "tags": null
            },
            "relation_to_vrf": {
              "annotation": "orchestrator:terraform",
              "annotations": [],
              "tags": [],
              "vrf_name": "tn-3pt-vrf-PRD"
            },
            "rogue_coop_exceptions": [],
            "scope": "3112960",
            "segment": "16514958",
            "service_bd_routing_disable": "no",
            "tags": [],
            "tenant_dn": "uni/tn-tn-3pt",
            "unicast_route": "yes",
            "unicast_routing": "yes",
            "unk_mac_ucast_act": "proxy",
            "unk_mcast_act": "flood",
            "v6unk_mcast_act": "flood",
            "virtual_mac_address": "not-applicable",
            "vmac": "not-applicable"
          },
          "sensitive_attributes": [],
          "dependencies": [
            "aci_tenant.tn-3pt",
            "aci_vrf.tn-3pt-vrf-PRD"
          ]
        }
      ]
    },
    {
      "mode": "managed",
      "type": "aci_bridge_domain",
      "name": "tn-3pt-vl702-3pt-db-bd",
      "provider": "provider[\"registry.terraform.io/ciscodevnet/aci\"]",
      "instances": [
        {
          "schema_version": 2,
          "attributes": {
            "advertise_host_routes": "no",
            "annotation": "orchestrator:terraform",
            "annotations": [],
            "arp_flood": "no",
            "arp_flooding": "no",
            "bridge_domain_type": "regular",
            "clear_remote_mac_entries": "no",
            "custom_mac_address": "00:22:BD:F8:19:FF",
            "description": "",
            "drop_arp_with_multicast_smac": "yes",
            "enable_intersite_bum_traffic": "no",
            "enable_rogue_exception_mac": "no",
            "endpoint_move_detection_mode": "",
            "ep_clear": "no",
            "ep_move_detect_mode": "",
            "host_based_routing": "no",
            "id": "uni/tn-tn-3pt/BD-tn-3pt-vl702_db_bd",
            "intersite_bum_traffic_allow": "no",
            "intersite_l2_stretch": "no",
            "ip_learning": "yes",
            "ipv6_l3_unknown_multicast_flooding": "flood",
            "ipv6_mcast_allow": "no",
            "l2_unknown_unicast_flooding": "proxy",
            "l3_unknown_multicast_flooding": "flood",
            "legacy_mode": {
              "annotation": null,
              "annotations": null,
              "description": null,
              "encapsulation": null,
              "name": null,
              "name_alias": null,
              "owner_key": null,
              "owner_tag": null,
              "tags": null
            },
            "limit_ip_learn_to_subnets": "yes",
            "link_local_ipv6_address": "::",
            "ll_addr": "::",
            "mac": "00:22:BD:F8:19:FF",
            "mcast_allow": "no",
            "multi_destination_flooding": "bd-flood",
            "multi_dst_pkt_act": "bd-flood",
            "name": "tn-3pt-vl702_db_bd",
            "name_alias": "",
            "optimize_wan_bandwidth": "no",
            "owner_key": "",
            "owner_tag": "",
            "parent_dn": "uni/tn-tn-3pt",
            "pc_tag": "16388",
            "pim": "no",
            "pim_ipv6": "no",
            "relation_fv_rs_abd_pol_mon_pol": null,
            "relation_fv_rs_bd_flood_to": [],
            "relation_fv_rs_bd_to_ep_ret": "uni/tn-common/epRPol-default",
            "relation_fv_rs_bd_to_fhs": null,
            "relation_fv_rs_bd_to_nd_p": "uni/tn-common/ndifpol-default",
            "relation_fv_rs_bd_to_netflow_monitor_pol": [],
            "relation_fv_rs_bd_to_out": [],
            "relation_fv_rs_bd_to_profile": null,
            "relation_fv_rs_bd_to_relay_p": null,
            "relation_fv_rs_ctx": "uni/tn-tn-3pt/ctx-tn-3pt-vrf-PRD",
            "relation_fv_rs_igmpsn": "uni/tn-common/snPol-default",
            "relation_fv_rs_mldsn": "uni/tn-common/mldsnoopPol-default",
            "relation_to_dhcp_relay_policy": {
              "annotation": null,
              "annotations": null,
              "dhcp_relay_policy_name": null,
              "tags": null
            },
            "relation_to_end_point_retention_policy": {
              "annotation": "",
              "annotations": [],
              "end_point_retention_policy_name": "",
              "resolve_action": "resolve",
              "tags": []
            },
            "relation_to_first_hop_security_policy": {
              "annotation": null,
              "annotations": null,
              "first_hop_security_policy_name": null,
              "tags": null
            },
            "relation_to_igmp_snooping_policy": {
              "annotation": "",
              "annotations": [],
              "igmp_snooping_policy_name": "",
              "tags": []
            },
            "relation_to_l3_outsides": [],
            "relation_to_mld_snooping_policy": {
              "annotation": "",
              "annotations": [],
              "mld_snooping_policy_name": "",
              "tags": []
            },
            "relation_to_monitoring_policy": {
              "annotation": null,
              "annotations": null,
              "monitoring_policy_name": null,
              "tags": null
            },
            "relation_to_neighbor_discovery_interface_policy": {
              "annotation": "",
              "annotations": [],
              "neighbor_discovery_interface_policy_name": "",
              "tags": []
            },
            "relation_to_netflow_monitor_policies": [],
            "relation_to_route_control_profile": {
              "annotation": null,
              "annotations": null,
              "l3_outside_name": null,
              "route_control_profile_name": null,
              "tags": null
            },
            "relation_to_vrf": {
              "annotation": "orchestrator:terraform",
              "annotations": [],
              "tags": [],
              "vrf_name": "tn-3pt-vrf-PRD"
            },
            "rogue_coop_exceptions": [],
            "scope": "3112960",
            "segment": "15728623",
            "service_bd_routing_disable": "no",
            "tags": [],
            "tenant_dn": "uni/tn-tn-3pt",
            "unicast_route": "yes",
            "unicast_routing": "yes",
            "unk_mac_ucast_act": "proxy",
            "unk_mcast_act": "flood",
            "v6unk_mcast_act": "flood",
            "virtual_mac_address": "not-applicable",
            "vmac": "not-applicable"
          },
          "sensitive_attributes": [],
          "dependencies": [
            "aci_tenant.tn-3pt",
            "aci_vrf.tn-3pt-vrf-PRD"
          ]
        }
      ]
    },
    {
      "mode": "managed",
      "type": "aci_bridge_domain",
      "name": "tn-corp-vl500-corp-web-bd",
      "provider": "provider[\"registry.terraform.io/ciscodevnet/aci\"]",
      "instances": [
        {
          "schema_version": 2,
          "attributes": {
            "advertise_host_routes": "no",
            "annotation": "orchestrator:terraform",
            "annotations": [],
            "arp_flood": "no",
            "arp_flooding": "no",
            "bridge_domain_type": "regular",
            "clear_remote_mac_entries": "no",
            "custom_mac_address": "00:22:BD:F8:19:FF",
            "description": "",
            "drop_arp_with_multicast_smac": "yes",
            "enable_intersite_bum_traffic": "no",
            "enable_rogue_exception_mac": "no",
            "endpoint_move_detection_mode": "",
            "ep_clear": "no",
            "ep_move_detect_mode": "",
            "host_based_routing": "no",
            "id": "uni/tn-tn-corp/BD-tn-corp-vl500_web_bd",
            "intersite_bum_traffic_allow": "no",
            "intersite_l2_stretch": "no",
            "ip_learning": "yes",
            "ipv6_l3_unknown_multicast_flooding": "flood",
            "ipv6_mcast_allow": "no",
            "l2_unknown_unicast_flooding": "proxy",
            "l3_unknown_multicast_flooding": "flood",
            "legacy_mode": {
              "annotation": null,
              "annotations": null,
              "description": null,
              "encapsulation": null,
              "name": null,
              "name_alias": null,
              "owner_key": null,
              "owner_tag": null,
              "tags": null
            },
            "limit_ip_learn_to_subnets": "yes",
            "link_local_ipv6_address": "::",
            "ll_addr": "::",
            "mac": "00:22:BD:F8:19:FF",
            "mcast_allow": "no",
            "multi_destination_flooding": "bd-flood",
            "multi_dst_pkt_act": "bd-flood",
            "name": "tn-corp-vl500_web_bd",
            "name_alias": "",
            "optimize_wan_bandwidth": "no",
            "owner_key": "",
            "owner_tag": "",
            "parent_dn": "uni/tn-tn-corp",
            "pc_tag": "16387",
            "pim": "no",
            "pim_ipv6": "no",
            "relation_fv_rs_abd_pol_mon_pol": null,
            "relation_fv_rs_bd_flood_to": [],
            "relation_fv_rs_bd_to_ep_ret": "uni/tn-common/epRPol-default",
            "relation_fv_rs_bd_to_fhs": null,
            "relation_fv_rs_bd_to_nd_p": "uni/tn-common/ndifpol-default",
            "relation_fv_rs_bd_to_netflow_monitor_pol": [],
            "relation_fv_rs_bd_to_out": [],
            "relation_fv_rs_bd_to_profile": null,
            "relation_fv_rs_bd_to_relay_p": null,
            "relation_fv_rs_ctx": "uni/tn-tn-corp/ctx-tn-corp-vrf-PRD",
            "relation_fv_rs_igmpsn": "uni/tn-common/snPol-default",
            "relation_fv_rs_mldsn": "uni/tn-common/mldsnoopPol-default",
            "relation_to_dhcp_relay_policy": {
              "annotation": null,
              "annotations": null,
              "dhcp_relay_policy_name": null,
              "tags": null
            },
            "relation_to_end_point_retention_policy": {
              "annotation": "",
              "annotations": [],
              "end_point_retention_policy_name": "",
              "resolve_action": "resolve",
              "tags": []
            },
            "relation_to_first_hop_security_policy": {
              "annotation": null,
              "annotations": null,
              "first_hop_security_policy_name": null,
              "tags": null
            },
            "relation_to_igmp_snooping_policy": {
              "annotation": "",
              "annotations": [],
              "igmp_snooping_policy_name": "",
              "tags": []
            },
            "relation_to_l3_outsides": [],
            "relation_to_mld_snooping_policy": {
              "annotation": "",
              "annotations": [],
              "mld_snooping_policy_name": "",
              "tags": []
            },
            "relation_to_monitoring_policy": {
              "annotation": null,
              "annotations": null,
              "monitoring_policy_name": null,
              "tags": null
            },
            "relation_to_neighbor_discovery_interface_policy": {
              "annotation": "",
              "annotations": [],
              "neighbor_discovery_interface_policy_name": "",
              "tags": []
            },
            "relation_to_netflow_monitor_policies": [],
            "relation_to_route_control_profile": {
              "annotation": null,
              "annotations": null,
              "l3_outside_name": null,
              "route_control_profile_name": null,
              "tags": null
            },
            "relation_to_vrf": {
              "annotation": "orchestrator:terraform",
              "annotations": [],
              "tags": [],
              "vrf_name": "tn-corp-vrf-PRD"
            },
            "rogue_coop_exceptions": [],
            "scope": "2457601",
            "segment": "16678778",
            "service_bd_routing_disable": "no",
            "tags": [],
            "tenant_dn": "uni/tn-tn-corp",
            "unicast_route": "yes",
            "unicast_routing": "yes",
            "unk_mac_ucast_act": "proxy",
            "unk_mcast_act": "flood",
            "v6unk_mcast_act": "flood",
            "virtual_mac_address": "not-applicable",
            "vmac": "not-applicable"
          },
          "sensitive_attributes": [],
          "dependencies": [
            "aci_tenant.tn-corp",
            "aci_vrf.tn-corp-vrf-PRD"
          ]
        }
      ]
    },
    {
      "mode": "managed",
      "type": "aci_bridge_domain",
      "name": "tn-corp-vl501-corp-app-bd",
      "provider": "provider[\"registry.terraform.io/ciscodevnet/aci\"]",
      "instances": [
        {
          "schema_version": 2,
          "attributes": {
            "advertise_host_routes": "no",
            "annotation": "orchestrator:terraform",
            "annotations": [],
            "arp_flood": "no",
            "arp_flooding": "no",
            "bridge_domain_type": "regular",
            "clear_remote_mac_entries": "no",
            "custom_mac_address": "00:22:BD:F8:19:FF",
            "description": "",
            "drop_arp_with_multicast_smac": "yes",
            "enable_intersite_bum_traffic": "no",
            "enable_rogue_exception_mac": "no",
            "endpoint_move_detection_mode": "",
            "ep_clear": "no",
            "ep_move_detect_mode": "",
            "host_based_routing": "no",
            "id": "uni/tn-tn-corp/BD-tn-corp-vl501_app_bd",
            "intersite_bum_traffic_allow": "no",
            "intersite_l2_stretch": "no",
            "ip_learning": "yes",
            "ipv6_l3_unknown_multicast_flooding": "flood",
            "ipv6_mcast_allow": "no",
            "l2_unknown_unicast_flooding": "proxy",
            "l3_unknown_multicast_flooding": "flood",
            "legacy_mode": {
              "annotation": null,
              "annotations": null,
              "description": null,
              "encapsulation": null,
              "name": null,
              "name_alias": null,
              "owner_key": null,
              "owner_tag": null,
              "tags": null
            },
            "limit_ip_learn_to_subnets": "yes",
            "link_local_ipv6_address": "::",
            "ll_addr": "::",
            "mac": "00:22:BD:F8:19:FF",
            "mcast_allow": "no",
            "multi_destination_flooding": "bd-flood",
            "multi_dst_pkt_act": "bd-flood",
            "name": "tn-corp-vl501_app_bd",
            "name_alias": "",
            "optimize_wan_bandwidth": "no",
            "owner_key": "",
            "owner_tag": "",
            "parent_dn": "uni/tn-tn-corp",
            "pc_tag": "32771",
            "pim": "no",
            "pim_ipv6": "no",
            "relation_fv_rs_abd_pol_mon_pol": null,
            "relation_fv_rs_bd_flood_to": [],
            "relation_fv_rs_bd_to_ep_ret": "uni/tn-common/epRPol-default",
            "relation_fv_rs_bd_to_fhs": null,
            "relation_fv_rs_bd_to_nd_p": "uni/tn-common/ndifpol-default",
            "relation_fv_rs_bd_to_netflow_monitor_pol": [],
            "relation_fv_rs_bd_to_out": [],
            "relation_fv_rs_bd_to_profile": null,
            "relation_fv_rs_bd_to_relay_p": null,
            "relation_fv_rs_ctx": "uni/tn-tn-corp/ctx-tn-corp-vrf-PRD",
            "relation_fv_rs_igmpsn": "uni/tn-common/snPol-default",
            "relation_fv_rs_mldsn": "uni/tn-common/mldsnoopPol-default",
            "relation_to_dhcp_relay_policy": {
              "annotation": null,
              "annotations": null,
              "dhcp_relay_policy_name": null,
              "tags": null
            },
            "relation_to_end_point_retention_policy": {
              "annotation": "",
              "annotations": [],
              "end_point_retention_policy_name": "",
              "resolve_action": "resolve",
              "tags": []
            },
            "relation_to_first_hop_security_policy": {
              "annotation": null,
              "annotations": null,
              "first_hop_security_policy_name": null,
              "tags": null
            },
            "relation_to_igmp_snooping_policy": {
              "annotation": "",
              "annotations": [],
              "igmp_snooping_policy_name": "",
              "tags": []
            },
            "relation_to_l3_outsides": [],
            "relation_to_mld_snooping_policy": {
              "annotation": "",
              "annotations": [],
              "mld_snooping_policy_name": "",
              "tags": []
            },
            "relation_to_monitoring_policy": {
              "annotation": null,
              "annotations": null,
              "monitoring_policy_name": null,
              "tags": null
            },
            "relation_to_neighbor_discovery_interface_policy": {
              "annotation": "",
              "annotations": [],
              "neighbor_discovery_interface_policy_name": "",
              "tags": []
            },
            "relation_to_netflow_monitor_policies": [],
            "relation_to_route_control_profile": {
              "annotation": null,
              "annotations": null,
              "l3_outside_name": null,
              "route_control_profile_name": null,
              "tags": null
            },
            "relation_to_vrf": {
              "annotation": "orchestrator:terraform",
              "annotations": [],
              "tags": [],
              "vrf_name": "tn-corp-vrf-PRD"
            },
            "rogue_coop_exceptions": [],
            "scope": "2457601",
            "segment": "15859680",
            "service_bd_routing_disable": "no",
            "tags": [],
            "tenant_dn": "uni/tn-tn-corp",
            "unicast_route": "yes",
            "unicast_routing": "yes",
            "unk_mac_ucast_act": "proxy",
            "unk_mcast_act": "flood",
            "v6unk_mcast_act": "flood",
            "virtual_mac_address": "not-applicable",
            "vmac": "not-applicable"
          },
          "sensitive_attributes": [],
          "dependencies": [
            "aci_tenant.tn-corp",
            "aci_vrf.tn-corp-vrf-PRD"
          ]
        }
      ]
    },
    {
      "mode": "managed",
      "type": "aci_bridge_domain",
      "name": "tn-corp-vl502-corp-db-bd",
      "provider": "provider[\"registry.terraform.io/ciscodevnet/aci\"]",
      "instances": [
        {
          "schema_version": 2,
          "attributes": {
            "advertise_host_routes": "no",
            "annotation": "orchestrator:terraform",
            "annotations": [],
            "arp_flood": "no",
            "arp_flooding": "no",
            "bridge_domain_type": "regular",
            "clear_remote_mac_entries": "no",
            "custom_mac_address": "00:22:BD:F8:19:FF",
            "description": "",
            "drop_arp_with_multicast_smac": "yes",
            "enable_intersite_bum_traffic": "no",
            "enable_rogue_exception_mac": "no",
            "endpoint_move_detection_mode": "",
            "ep_clear": "no",
            "ep_move_detect_mode": "",
            "host_based_routing": "no",
            "id": "uni/tn-tn-corp/BD-tn-corp-vl502_db_bd",
            "intersite_bum_traffic_allow": "no",
            "intersite_l2_stretch": "no",
            "ip_learning": "yes",
            "ipv6_l3_unknown_multicast_flooding": "flood",
            "ipv6_mcast_allow": "no",
            "l2_unknown_unicast_flooding": "proxy",
            "l3_unknown_multicast_flooding": "flood",
            "legacy_mode": {
              "annotation": null,
              "annotations": null,
              "description": null,
              "encapsulation": null,
              "name": null,
              "name_alias": null,
              "owner_key": null,
              "owner_tag": null,
              "tags": null
            },
            "limit_ip_learn_to_subnets": "yes",
            "link_local_ipv6_address": "::",
            "ll_addr": "::",
            "mac": "00:22:BD:F8:19:FF",
            "mcast_allow": "no",
            "multi_destination_flooding": "bd-flood",
            "multi_dst_pkt_act": "bd-flood",
            "name": "tn-corp-vl502_db_bd",
            "name_alias": "",
            "optimize_wan_bandwidth": "no",
            "owner_key": "",
            "owner_tag": "",
            "parent_dn": "uni/tn-tn-corp",
            "pc_tag": "32772",
            "pim": "no",
            "pim_ipv6": "no",
            "relation_fv_rs_abd_pol_mon_pol": null,
            "relation_fv_rs_bd_flood_to": [],
            "relation_fv_rs_bd_to_ep_ret": "uni/tn-common/epRPol-default",
            "relation_fv_rs_bd_to_fhs": null,
            "relation_fv_rs_bd_to_nd_p": "uni/tn-common/ndifpol-default",
            "relation_fv_rs_bd_to_netflow_monitor_pol": [],
            "relation_fv_rs_bd_to_out": [],
            "relation_fv_rs_bd_to_profile": null,
            "relation_fv_rs_bd_to_relay_p": null,
            "relation_fv_rs_ctx": "uni/tn-tn-corp/ctx-tn-corp-vrf-PRD",
            "relation_fv_rs_igmpsn": "uni/tn-common/snPol-default",
            "relation_fv_rs_mldsn": "uni/tn-common/mldsnoopPol-default",
            "relation_to_dhcp_relay_policy": {
              "annotation": null,
              "annotations": null,
              "dhcp_relay_policy_name": null,
              "tags": null
            },
            "relation_to_end_point_retention_policy": {
              "annotation": "",
              "annotations": [],
              "end_point_retention_policy_name": "",
              "resolve_action": "resolve",
              "tags": []
            },
            "relation_to_first_hop_security_policy": {
              "annotation": null,
              "annotations": null,
              "first_hop_security_policy_name": null,
              "tags": null
            },
            "relation_to_igmp_snooping_policy": {
              "annotation": "",
              "annotations": [],
              "igmp_snooping_policy_name": "",
              "tags": []
            },
            "relation_to_l3_outsides": [],
            "relation_to_mld_snooping_policy": {
              "annotation": "",
              "annotations": [],
              "mld_snooping_policy_name": "",
              "tags": []
            },
            "relation_to_monitoring_policy": {
              "annotation": null,
              "annotations": null,
              "monitoring_policy_name": null,
              "tags": null
            },
            "relation_to_neighbor_discovery_interface_policy": {
              "annotation": "",
              "annotations": [],
              "neighbor_discovery_interface_policy_name": "",
              "tags": []
            },
            "relation_to_netflow_monitor_policies": [],
            "relation_to_route_control_profile": {
              "annotation": null,
              "annotations": null,
              "l3_outside_name": null,
              "route_control_profile_name": null,
              "tags": null
            },
            "relation_to_vrf": {
              "annotation": "orchestrator:terraform",
              "annotations": [],
              "tags": [],
              "vrf_name": "tn-corp-vrf-PRD"
            },
            "rogue_coop_exceptions": [],
            "scope": "2457601",
            "segment": "16449430",
            "service_bd_routing_disable": "no",
            "tags": [],
            "tenant_dn": "uni/tn-tn-corp",
            "unicast_route": "yes",
            "unicast_routing": "yes",
            "unk_mac_ucast_act": "proxy",
            "unk_mcast_act": "flood",
            "v6unk_mcast_act": "flood",
            "virtual_mac_address": "not-applicable",
            "vmac": "not-applicable"
          },
          "sensitive_attributes": [],
          "dependencies": [
            "aci_tenant.tn-corp",
            "aci_vrf.tn-corp-vrf-PRD"
          ]
        }
      ]
    },
    {
      "mode": "managed",
      "type": "aci_bridge_domain",
      "name": "tn-infra-vl600-infra-web-bd",
      "provider": "provider[\"registry.terraform.io/ciscodevnet/aci\"]",
      "instances": [
        {
          "schema_version": 2,
          "attributes": {
            "advertise_host_routes": "no",
            "annotation": "orchestrator:terraform",
            "annotations": [],
            "arp_flood": "no",
            "arp_flooding": "no",
            "bridge_domain_type": "regular",
            "clear_remote_mac_entries": "no",
            "custom_mac_address": "00:22:BD:F8:19:FF",
            "description": "",
            "drop_arp_with_multicast_smac": "yes",
            "enable_intersite_bum_traffic": "no",
            "enable_rogue_exception_mac": "no",
            "endpoint_move_detection_mode": "",
            "ep_clear": "no",
            "ep_move_detect_mode": "",
            "host_based_routing": "no",
            "id": "uni/tn-tn-infra/BD-tn-infra-vl600_web_bd",
            "intersite_bum_traffic_allow": "no",
            "intersite_l2_stretch": "no",
            "ip_learning": "yes",
            "ipv6_l3_unknown_multicast_flooding": "flood",
            "ipv6_mcast_allow": "no",
            "l2_unknown_unicast_flooding": "proxy",
            "l3_unknown_multicast_flooding": "flood",
            "legacy_mode": {
              "annotation": null,
              "annotations": null,
              "description": null,
              "encapsulation": null,
              "name": null,
              "name_alias": null,
              "owner_key": null,
              "owner_tag": null,
              "tags": null
            },
            "limit_ip_learn_to_subnets": "yes",
            "link_local_ipv6_address": "::",
            "ll_addr": "::",
            "mac": "00:22:BD:F8:19:FF",
            "mcast_allow": "no",
            "multi_destination_flooding": "bd-flood",
            "multi_dst_pkt_act": "bd-flood",
            "name": "tn-infra-vl600_web_bd",
            "name_alias": "",
            "optimize_wan_bandwidth": "no",
            "owner_key": "",
            "owner_tag": "",
            "parent_dn": "uni/tn-tn-infra",
            "pc_tag": "32770",
            "pim": "no",
            "pim_ipv6": "no",
            "relation_fv_rs_abd_pol_mon_pol": null,
            "relation_fv_rs_bd_flood_to": [],
            "relation_fv_rs_bd_to_ep_ret": "uni/tn-common/epRPol-default",
            "relation_fv_rs_bd_to_fhs": null,
            "relation_fv_rs_bd_to_nd_p": "uni/tn-common/ndifpol-default",
            "relation_fv_rs_bd_to_netflow_monitor_pol": [],
            "relation_fv_rs_bd_to_out": [],
            "relation_fv_rs_bd_to_profile": null,
            "relation_fv_rs_bd_to_relay_p": null,
            "relation_fv_rs_ctx": "uni/tn-tn-infra/ctx-tn-infra-vrf-PRD",
            "relation_fv_rs_igmpsn": "uni/tn-common/snPol-default",
            "relation_fv_rs_mldsn": "uni/tn-common/mldsnoopPol-default",
            "relation_to_dhcp_relay_policy": {
              "annotation": null,
              "annotations": null,
              "dhcp_relay_policy_name": null,
              "tags": null
            },
            "relation_to_end_point_retention_policy": {
              "annotation": "",
              "annotations": [],
              "end_point_retention_policy_name": "",
              "resolve_action": "resolve",
              "tags": []
            },
            "relation_to_first_hop_security_policy": {
              "annotation": null,
              "annotations": null,
              "first_hop_security_policy_name": null,
              "tags": null
            },
            "relation_to_igmp_snooping_policy": {
              "annotation": "",
              "annotations": [],
              "igmp_snooping_policy_name": "",
              "tags": []
            },
            "relation_to_l3_outsides": [],
            "relation_to_mld_snooping_policy": {
              "annotation": "",
              "annotations": [],
              "mld_snooping_policy_name": "",
              "tags": []
            },
            "relation_to_monitoring_policy": {
              "annotation": null,
              "annotations": null,
              "monitoring_policy_name": null,
              "tags": null
            },
            "relation_to_neighbor_discovery_interface_policy": {
              "annotation": "",
              "annotations": [],
              "neighbor_discovery_interface_policy_name": "",
              "tags": []
            },
            "relation_to_netflow_monitor_policies": [],
            "relation_to_route_control_profile": {
              "annotation": null,
              "annotations": null,
              "l3_outside_name": null,
              "route_control_profile_name": null,
              "tags": null
            },
            "relation_to_vrf": {
              "annotation": "orchestrator:terraform",
              "annotations": [],
              "tags": [],
              "vrf_name": "tn-infra-vrf-PRD"
            },
            "rogue_coop_exceptions": [],
            "scope": "2424832",
            "segment": "16121790",
            "service_bd_routing_disable": "no",
            "tags": [],
            "tenant_dn": "uni/tn-tn-infra",
            "unicast_route": "yes",
            "unicast_routing": "yes",
            "unk_mac_ucast_act": "proxy",
            "unk_mcast_act": "flood",
            "v6unk_mcast_act": "flood",
            "virtual_mac_address": "not-applicable",
            "vmac": "not-applicable"
          },
          "sensitive_attributes": [],
          "dependencies": [
            "aci_tenant.tn-infra",
            "aci_vrf.tn-infra-vrf-PRD"
          ]
        }
      ]
    },
    {
      "mode": "managed",
      "type": "aci_bridge_domain",
      "name": "tn-infra-vl601-infra-app-bd",
      "provider": "provider[\"registry.terraform.io/ciscodevnet/aci\"]",
      "instances": [
        {
          "schema_version": 2,
          "attributes": {
            "advertise_host_routes": "no",
            "annotation": "orchestrator:terraform",
            "annotations": [],
            "arp_flood": "no",
            "arp_flooding": "no",
            "bridge_domain_type": "regular",
            "clear_remote_mac_entries": "no",
            "custom_mac_address": "00:22:BD:F8:19:FF",
            "description": "",
            "drop_arp_with_multicast_smac": "yes",
            "enable_intersite_bum_traffic": "no",
            "enable_rogue_exception_mac": "no",
            "endpoint_move_detection_mode": "",
            "ep_clear": "no",
            "ep_move_detect_mode": "",
            "host_based_routing": "no",
            "id": "uni/tn-tn-infra/BD-tn-infra-vl601_app_bd",
            "intersite_bum_traffic_allow": "no",
            "intersite_l2_stretch": "no",
            "ip_learning": "yes",
            "ipv6_l3_unknown_multicast_flooding": "flood",
            "ipv6_mcast_allow": "no",
            "l2_unknown_unicast_flooding": "proxy",
            "l3_unknown_multicast_flooding": "flood",
            "legacy_mode": {
              "annotation": null,
              "annotations": null,
              "description": null,
              "encapsulation": null,
              "name": null,
              "name_alias": null,
              "owner_key": null,
              "owner_tag": null,
              "tags": null
            },
            "limit_ip_learn_to_subnets": "yes",
            "link_local_ipv6_address": "::",
            "ll_addr": "::",
            "mac": "00:22:BD:F8:19:FF",
            "mcast_allow": "no",
            "multi_destination_flooding": "bd-flood",
            "multi_dst_pkt_act": "bd-flood",
            "name": "tn-infra-vl601_app_bd",
            "name_alias": "",
            "optimize_wan_bandwidth": "no",
            "owner_key": "",
            "owner_tag": "",
            "parent_dn": "uni/tn-tn-infra",
            "pc_tag": "16388",
            "pim": "no",
            "pim_ipv6": "no",
            "relation_fv_rs_abd_pol_mon_pol": null,
            "relation_fv_rs_bd_flood_to": [],
            "relation_fv_rs_bd_to_ep_ret": "uni/tn-common/epRPol-default",
            "relation_fv_rs_bd_to_fhs": null,
            "relation_fv_rs_bd_to_nd_p": "uni/tn-common/ndifpol-default",
            "relation_fv_rs_bd_to_netflow_monitor_pol": [],
            "relation_fv_rs_bd_to_out": [],
            "relation_fv_rs_bd_to_profile": null,
            "relation_fv_rs_bd_to_relay_p": null,
            "relation_fv_rs_ctx": "uni/tn-tn-infra/ctx-tn-infra-vrf-DEV",
            "relation_fv_rs_igmpsn": "uni/tn-common/snPol-default",
            "relation_fv_rs_mldsn": "uni/tn-common/mldsnoopPol-default",
            "relation_to_dhcp_relay_policy": {
              "annotation": null,
              "annotations": null,
              "dhcp_relay_policy_name": null,
              "tags": null
            },
            "relation_to_end_point_retention_policy": {
              "annotation": "",
              "annotations": [],
              "end_point_retention_policy_name": "",
              "resolve_action": "resolve",
              "tags": []
            },
            "relation_to_first_hop_security_policy": {
              "annotation": null,
              "annotations": null,
              "first_hop_security_policy_name": null,
              "tags": null
            },
            "relation_to_igmp_snooping_policy": {
              "annotation": "",
              "annotations": [],
              "igmp_snooping_policy_name": "",
              "tags": []
            },
            "relation_to_l3_outsides": [],
            "relation_to_mld_snooping_policy": {
              "annotation": "",
              "annotations": [],
              "mld_snooping_policy_name": "",
              "tags": []
            },
            "relation_to_monitoring_policy": {
              "annotation": null,
              "annotations": null,
              "monitoring_policy_name": null,
              "tags": null
            },
            "relation_to_neighbor_discovery_interface_policy": {
              "annotation": "",
              "annotations": [],
              "neighbor_discovery_interface_policy_name": "",
              "tags": []
            },
            "relation_to_netflow_monitor_policies": [],
            "relation_to_route_control_profile": {
              "annotation": null,
              "annotations": null,
              "l3_outside_name": null,
              "route_control_profile_name": null,
              "tags": null
            },
            "relation_to_vrf": {
              "annotation": "orchestrator:terraform",
              "annotations": [],
              "tags": [],
              "vrf_name": "tn-infra-vrf-DEV"
            },
            "rogue_coop_exceptions": [],
            "scope": "2523136",
            "segment": "16252846",
            "service_bd_routing_disable": "no",
            "tags": [],
            "tenant_dn": "uni/tn-tn-infra",
            "unicast_route": "yes",
            "unicast_routing": "yes",
            "unk_mac_ucast_act": "proxy",
            "unk_mcast_act": "flood",
            "v6unk_mcast_act": "flood",
            "virtual_mac_address": "not-applicable",
            "vmac": "not-applicable"
          },
          "sensitive_attributes": [],
          "dependencies": [
            "aci_tenant.tn-infra",
            "aci_vrf.tn-infra-vrf-DEV"
          ]
        }
      ]
    },
    {
      "mode": "managed",
      "type": "aci_bridge_domain",
      "name": "tn-infra-vl602-infra-db-bd",
      "provider": "provider[\"registry.terraform.io/ciscodevnet/aci\"]",
      "instances": [
        {
          "schema_version": 2,
          "attributes": {
            "advertise_host_routes": "no",
            "annotation": "orchestrator:terraform",
            "annotations": [],
            "arp_flood": "no",
            "arp_flooding": "no",
            "bridge_domain_type": "regular",
            "clear_remote_mac_entries": "no",
            "custom_mac_address": "00:22:BD:F8:19:FF",
            "description": "",
            "drop_arp_with_multicast_smac": "yes",
            "enable_intersite_bum_traffic": "no",
            "enable_rogue_exception_mac": "no",
            "endpoint_move_detection_mode": "",
            "ep_clear": "no",
            "ep_move_detect_mode": "",
            "host_based_routing": "no",
            "id": "uni/tn-tn-infra/BD-tn-infra-vl602_db_bd",
            "intersite_bum_traffic_allow": "no",
            "intersite_l2_stretch": "no",
            "ip_learning": "yes",
            "ipv6_l3_unknown_multicast_flooding": "flood",
            "ipv6_mcast_allow": "no",
            "l2_unknown_unicast_flooding": "proxy",
            "l3_unknown_multicast_flooding": "flood",
            "legacy_mode": {
              "annotation": null,
              "annotations": null,
              "description": null,
              "encapsulation": null,
              "name": null,
              "name_alias": null,
              "owner_key": null,
              "owner_tag": null,
              "tags": null
            },
            "limit_ip_learn_to_subnets": "yes",
            "link_local_ipv6_address": "::",
            "ll_addr": "::",
            "mac": "00:22:BD:F8:19:FF",
            "mcast_allow": "no",
            "multi_destination_flooding": "bd-flood",
            "multi_dst_pkt_act": "bd-flood",
            "name": "tn-infra-vl602_db_bd",
            "name_alias": "",
            "optimize_wan_bandwidth": "no",
            "owner_key": "",
            "owner_tag": "",
            "parent_dn": "uni/tn-tn-infra",
            "pc_tag": "32770",
            "pim": "no",
            "pim_ipv6": "no",
            "relation_fv_rs_abd_pol_mon_pol": null,
            "relation_fv_rs_bd_flood_to": [],
            "relation_fv_rs_bd_to_ep_ret": "uni/tn-common/epRPol-default",
            "relation_fv_rs_bd_to_fhs": null,
            "relation_fv_rs_bd_to_nd_p": "uni/tn-common/ndifpol-default",
            "relation_fv_rs_bd_to_netflow_monitor_pol": [],
            "relation_fv_rs_bd_to_out": [],
            "relation_fv_rs_bd_to_profile": null,
            "relation_fv_rs_bd_to_relay_p": null,
            "relation_fv_rs_ctx": "uni/tn-tn-infra/ctx-tn-infra-vrf-UAT",
            "relation_fv_rs_igmpsn": "uni/tn-common/snPol-default",
            "relation_fv_rs_mldsn": "uni/tn-common/mldsnoopPol-default",
            "relation_to_dhcp_relay_policy": {
              "annotation": null,
              "annotations": null,
              "dhcp_relay_policy_name": null,
              "tags": null
            },
            "relation_to_end_point_retention_policy": {
              "annotation": "",
              "annotations": [],
              "end_point_retention_policy_name": "",
              "resolve_action": "resolve",
              "tags": []
            },
            "relation_to_first_hop_security_policy": {
              "annotation": null,
              "annotations": null,
              "first_hop_security_policy_name": null,
              "tags": null
            },
            "relation_to_igmp_snooping_policy": {
              "annotation": "",
              "annotations": [],
              "igmp_snooping_policy_name": "",
              "tags": []
            },
            "relation_to_l3_outsides": [],
            "relation_to_mld_snooping_policy": {
              "annotation": "",
              "annotations": [],
              "mld_snooping_policy_name": "",
              "tags": []
            },
            "relation_to_monitoring_policy": {
              "annotation": null,
              "annotations": null,
              "monitoring_policy_name": null,
              "tags": null
            },
            "relation_to_neighbor_discovery_interface_policy": {
              "annotation": "",
              "annotations": [],
              "neighbor_discovery_interface_policy_name": "",
              "tags": []
            },
            "relation_to_netflow_monitor_policies": [],
            "relation_to_route_control_profile": {
              "annotation": null,
              "annotations": null,
              "l3_outside_name": null,
              "route_control_profile_name": null,
              "tags": null
            },
            "relation_to_vrf": {
              "annotation": "orchestrator:terraform",
              "annotations": [],
              "tags": [],
              "vrf_name": "tn-infra-vrf-UAT"
            },
            "rogue_coop_exceptions": [],
            "scope": "2686976",
            "segment": "15826914",
            "service_bd_routing_disable": "no",
            "tags": [],
            "tenant_dn": "uni/tn-tn-infra",
            "unicast_route": "yes",
            "unicast_routing": "yes",
            "unk_mac_ucast_act": "proxy",
            "unk_mcast_act": "flood",
            "v6unk_mcast_act": "flood",
            "virtual_mac_address": "not-applicable",
            "vmac": "not-applicable"
          },
          "sensitive_attributes": [],
          "dependencies": [
            "aci_tenant.tn-infra",
            "aci_vrf.tn-infra-vrf-UAT"
          ]
        }
      ]
    },
    {
      "mode": "managed",
      "type": "aci_physical_domain",
      "name": "phd-3pt",
      "provider": "provider[\"registry.terraform.io/ciscodevnet/aci\"]",
      "instances": [
        {
          "schema_version": 1,
          "attributes": {
            "annotation": "orchestrator:terraform",
            "id": "uni/phys-phd-3pt",
            "name": "phd-3pt",
            "name_alias": "",
            "relation_infra_rs_dom_vxlan_ns_def": "",
            "relation_infra_rs_vip_addr_ns": "",
            "relation_infra_rs_vlan_ns": "",
            "relation_infra_rs_vlan_ns_def": ""
          },
          "sensitive_attributes": [],
          "private": "eyJzY2hlbWFfdmVyc2lvbiI6IjEifQ=="
        }
      ]
    },
    {
      "mode": "managed",
      "type": "aci_physical_domain",
      "name": "phd-corp",
      "provider": "provider[\"registry.terraform.io/ciscodevnet/aci\"]",
      "instances": [
        {
          "schema_version": 1,
          "attributes": {
            "annotation": "orchestrator:terraform",
            "id": "uni/phys-phd-corp",
            "name": "phd-corp",
            "name_alias": "",
            "relation_infra_rs_dom_vxlan_ns_def": "",
            "relation_infra_rs_vip_addr_ns": "",
            "relation_infra_rs_vlan_ns": "",
            "relation_infra_rs_vlan_ns_def": ""
          },
          "sensitive_attributes": [],
          "private": "eyJzY2hlbWFfdmVyc2lvbiI6IjEifQ=="
        }
      ]
    },
    {
      "mode": "managed",
      "type": "aci_physical_domain",
      "name": "phd-infra",
      "provider": "provider[\"registry.terraform.io/ciscodevnet/aci\"]",
      "instances": [
        {
          "schema_version": 1,
          "attributes": {
            "annotation": "orchestrator:terraform",
            "id": "uni/phys-phd-infra",
            "name": "phd-infra",
            "name_alias": "",
            "relation_infra_rs_dom_vxlan_ns_def": "",
            "relation_infra_rs_vip_addr_ns": "",
            "relation_infra_rs_vlan_ns": "",
            "relation_infra_rs_vlan_ns_def": ""
          },
          "sensitive_attributes": [],
          "private": "eyJzY2hlbWFfdmVyc2lvbiI6IjEifQ=="
        }
      ]
    },
    {
      "mode": "managed",
      "type": "aci_subnet",
      "name": "tn-3pt-bd-vl700-web-bd-subnet",
      "provider": "provider[\"registry.terraform.io/ciscodevnet/aci\"]",
      "instances": [
        {
          "schema_version": 1,
          "attributes": {
            "annotation": "tag_subnet",
            "anycast_mac": "",
            "ctrl": [
              "unspecified"
            ],
            "description": "subnet",
            "id": "uni/tn-tn-3pt/BD-tn-3pt-vl700_web_bd/subnet-[192.168.7.1/24]",
            "ip": "192.168.7.1/24",
            "ip_data_plane_learning": "enabled",
            "msnlb": [],
            "name_alias": "alias_subnet",
            "next_hop_addr": "",
            "parent_dn": "uni/tn-tn-3pt/BD-tn-3pt-vl700_web_bd",
            "preferred": "no",
            "relation_fv_rs_bd_subnet_to_out": null,
            "relation_fv_rs_bd_subnet_to_profile": "",
            "relation_fv_rs_nd_pfx_pol": "",
            "scope": [
              "public"
            ],
            "virtual": "no"
          },
          "sensitive_attributes": [],
          "private": "eyJzY2hlbWFfdmVyc2lvbiI6IjEifQ==",
          "dependencies": [
            "aci_bridge_domain.tn-3pt-vl700-3pt-web-bd",
            "aci_tenant.tn-3pt",
            "aci_vrf.tn-3pt-vrf-PRD"
          ]
        }
      ]
    },
    {
      "mode": "managed",
      "type": "aci_subnet",
      "name": "tn-3pt-bd-vl701-app-bd-subnet",
      "provider": "provider[\"registry.terraform.io/ciscodevnet/aci\"]",
      "instances": [
        {
          "schema_version": 1,
          "attributes": {
            "annotation": "tag_subnet",
            "anycast_mac": "",
            "ctrl": [
              "unspecified"
            ],
            "description": "subnet",
            "id": "uni/tn-tn-3pt/BD-tn-3pt-vl701_app_bd/subnet-[192.168.8.1/24]",
            "ip": "192.168.8.1/24",
            "ip_data_plane_learning": "enabled",
            "msnlb": [],
            "name_alias": "alias_subnet",
            "next_hop_addr": "",
            "parent_dn": "uni/tn-tn-3pt/BD-tn-3pt-vl701_app_bd",
            "preferred": "no",
            "relation_fv_rs_bd_subnet_to_out": null,
            "relation_fv_rs_bd_subnet_to_profile": "",
            "relation_fv_rs_nd_pfx_pol": "",
            "scope": [
              "public"
            ],
            "virtual": "no"
          },
          "sensitive_attributes": [],
          "private": "eyJzY2hlbWFfdmVyc2lvbiI6IjEifQ==",
          "dependencies": [
            "aci_bridge_domain.tn-3pt-vl701-3pt-app-bd",
            "aci_tenant.tn-3pt",
            "aci_vrf.tn-3pt-vrf-PRD"
          ]
        }
      ]
    },
    {
      "mode": "managed",
      "type": "aci_subnet",
      "name": "tn-3pt-bd-vl702-db-bd-subnet",
      "provider": "provider[\"registry.terraform.io/ciscodevnet/aci\"]",
      "instances": [
        {
          "schema_version": 1,
          "attributes": {
            "annotation": "tag_subnet",
            "anycast_mac": "",
            "ctrl": [
              "unspecified"
            ],
            "description": "subnet",
            "id": "uni/tn-tn-3pt/BD-tn-3pt-vl702_db_bd/subnet-[192.168.6.1/24]",
            "ip": "192.168.6.1/24",
            "ip_data_plane_learning": "enabled",
            "msnlb": [],
            "name_alias": "alias_subnet",
            "next_hop_addr": "",
            "parent_dn": "uni/tn-tn-3pt/BD-tn-3pt-vl702_db_bd",
            "preferred": "no",
            "relation_fv_rs_bd_subnet_to_out": null,
            "relation_fv_rs_bd_subnet_to_profile": "",
            "relation_fv_rs_nd_pfx_pol": "",
            "scope": [
              "public"
            ],
            "virtual": "no"
          },
          "sensitive_attributes": [],
          "private": "eyJzY2hlbWFfdmVyc2lvbiI6IjEifQ==",
          "dependencies": [
            "aci_bridge_domain.tn-3pt-vl702-3pt-db-bd",
            "aci_tenant.tn-3pt",
            "aci_vrf.tn-3pt-vrf-PRD"
          ]
        }
      ]
    },
    {
      "mode": "managed",
      "type": "aci_subnet",
      "name": "tn-corp-bd-vl500-web-bd-subnet",
      "provider": "provider[\"registry.terraform.io/ciscodevnet/aci\"]",
      "instances": [
        {
          "schema_version": 1,
          "attributes": {
            "annotation": "tag_subnet",
            "anycast_mac": "",
            "ctrl": [
              "unspecified"
            ],
            "description": "subnet",
            "id": "uni/tn-tn-corp/BD-tn-corp-vl500_web_bd/subnet-[192.168.1.1/24]",
            "ip": "192.168.1.1/24",
            "ip_data_plane_learning": "enabled",
            "msnlb": [],
            "name_alias": "alias_subnet",
            "next_hop_addr": "",
            "parent_dn": "uni/tn-tn-corp/BD-tn-corp-vl500_web_bd",
            "preferred": "no",
            "relation_fv_rs_bd_subnet_to_out": null,
            "relation_fv_rs_bd_subnet_to_profile": "",
            "relation_fv_rs_nd_pfx_pol": "",
            "scope": [
              "public"
            ],
            "virtual": "no"
          },
          "sensitive_attributes": [],
          "private": "eyJzY2hlbWFfdmVyc2lvbiI6IjEifQ==",
          "dependencies": [
            "aci_bridge_domain.tn-corp-vl500-corp-web-bd",
            "aci_tenant.tn-corp",
            "aci_vrf.tn-corp-vrf-PRD"
          ]
        }
      ]
    },
    {
      "mode": "managed",
      "type": "aci_subnet",
      "name": "tn-corp-bd-vl501-app-bd-subnet",
      "provider": "provider[\"registry.terraform.io/ciscodevnet/aci\"]",
      "instances": [
        {
          "schema_version": 1,
          "attributes": {
            "annotation": "tag_subnet",
            "anycast_mac": "",
            "ctrl": [
              "unspecified"
            ],
            "description": "subnet",
            "id": "uni/tn-tn-corp/BD-tn-corp-vl501_app_bd/subnet-[192.168.2.1/24]",
            "ip": "192.168.2.1/24",
            "ip_data_plane_learning": "enabled",
            "msnlb": [],
            "name_alias": "alias_subnet",
            "next_hop_addr": "",
            "parent_dn": "uni/tn-tn-corp/BD-tn-corp-vl501_app_bd",
            "preferred": "no",
            "relation_fv_rs_bd_subnet_to_out": null,
            "relation_fv_rs_bd_subnet_to_profile": "",
            "relation_fv_rs_nd_pfx_pol": "",
            "scope": [
              "public"
            ],
            "virtual": "no"
          },
          "sensitive_attributes": [],
          "private": "eyJzY2hlbWFfdmVyc2lvbiI6IjEifQ==",
          "dependencies": [
            "aci_bridge_domain.tn-corp-vl501-corp-app-bd",
            "aci_tenant.tn-corp",
            "aci_vrf.tn-corp-vrf-PRD"
          ]
        }
      ]
    },
    {
      "mode": "managed",
      "type": "aci_subnet",
      "name": "tn-corp-bd-vl502-db-bd-subnet",
      "provider": "provider[\"registry.terraform.io/ciscodevnet/aci\"]",
      "instances": [
        {
          "schema_version": 1,
          "attributes": {
            "annotation": "tag_subnet",
            "anycast_mac": "",
            "ctrl": [
              "unspecified"
            ],
            "description": "subnet",
            "id": "uni/tn-tn-corp/BD-tn-corp-vl502_db_bd/subnet-[192.168.3.1/24]",
            "ip": "192.168.3.1/24",
            "ip_data_plane_learning": "enabled",
            "msnlb": [],
            "name_alias": "alias_subnet",
            "next_hop_addr": "",
            "parent_dn": "uni/tn-tn-corp/BD-tn-corp-vl502_db_bd",
            "preferred": "no",
            "relation_fv_rs_bd_subnet_to_out": null,
            "relation_fv_rs_bd_subnet_to_profile": "",
            "relation_fv_rs_nd_pfx_pol": "",
            "scope": [
              "public"
            ],
            "virtual": "no"
          },
          "sensitive_attributes": [],
          "private": "eyJzY2hlbWFfdmVyc2lvbiI6IjEifQ==",
          "dependencies": [
            "aci_bridge_domain.tn-corp-vl502-corp-db-bd",
            "aci_tenant.tn-corp",
            "aci_vrf.tn-corp-vrf-PRD"
          ]
        }
      ]
    },
    {
      "mode": "managed",
      "type": "aci_subnet",
      "name": "tn-infra-bd-vl600-web-bd-subnet",
      "provider": "provider[\"registry.terraform.io/ciscodevnet/aci\"]",
      "instances": [
        {
          "schema_version": 1,
          "attributes": {
            "annotation": "tag_subnet",
            "anycast_mac": "",
            "ctrl": [
              "unspecified"
            ],
            "description": "subnet",
            "id": "uni/tn-tn-infra/BD-tn-infra-vl600_web_bd/subnet-[192.168.4.1/24]",
            "ip": "192.168.4.1/24",
            "ip_data_plane_learning": "enabled",
            "msnlb": [],
            "name_alias": "alias_subnet",
            "next_hop_addr": "",
            "parent_dn": "uni/tn-tn-infra/BD-tn-infra-vl600_web_bd",
            "preferred": "no",
            "relation_fv_rs_bd_subnet_to_out": null,
            "relation_fv_rs_bd_subnet_to_profile": "",
            "relation_fv_rs_nd_pfx_pol": "",
            "scope": [
              "public"
            ],
            "virtual": "no"
          },
          "sensitive_attributes": [],
          "private": "eyJzY2hlbWFfdmVyc2lvbiI6IjEifQ==",
          "dependencies": [
            "aci_bridge_domain.tn-infra-vl600-infra-web-bd",
            "aci_tenant.tn-infra",
            "aci_vrf.tn-infra-vrf-PRD"
          ]
        }
      ]
    },
    {
      "mode": "managed",
      "type": "aci_subnet",
      "name": "tn-infra-bd-vl601-app-bd-subnet",
      "provider": "provider[\"registry.terraform.io/ciscodevnet/aci\"]",
      "instances": [
        {
          "schema_version": 1,
          "attributes": {
            "annotation": "tag_subnet",
            "anycast_mac": "",
            "ctrl": [
              "unspecified"
            ],
            "description": "subnet",
            "id": "uni/tn-tn-infra/BD-tn-infra-vl601_app_bd/subnet-[192.168.5.1/24]",
            "ip": "192.168.5.1/24",
            "ip_data_plane_learning": "enabled",
            "msnlb": [],
            "name_alias": "alias_subnet",
            "next_hop_addr": "",
            "parent_dn": "uni/tn-tn-infra/BD-tn-infra-vl601_app_bd",
            "preferred": "no",
            "relation_fv_rs_bd_subnet_to_out": null,
            "relation_fv_rs_bd_subnet_to_profile": "",
            "relation_fv_rs_nd_pfx_pol": "",
            "scope": [
              "public"
            ],
            "virtual": "no"
          },
          "sensitive_attributes": [],
          "private": "eyJzY2hlbWFfdmVyc2lvbiI6IjEifQ==",
          "dependencies": [
            "aci_bridge_domain.tn-infra-vl601-infra-app-bd",
            "aci_tenant.tn-infra",
            "aci_vrf.tn-infra-vrf-DEV"
          ]
        }
      ]
    },
    {
      "mode": "managed",
      "type": "aci_subnet",
      "name": "tn-infra-bd-vl602-db-bd-subnet",
      "provider": "provider[\"registry.terraform.io/ciscodevnet/aci\"]",
      "instances": [
        {
          "schema_version": 1,
          "attributes": {
            "annotation": "tag_subnet",
            "anycast_mac": "",
            "ctrl": [
              "unspecified"
            ],
            "description": "subnet",
            "id": "uni/tn-tn-infra/BD-tn-infra-vl602_db_bd/subnet-[192.168.6.1/24]",
            "ip": "192.168.6.1/24",
            "ip_data_plane_learning": "enabled",
            "msnlb": [],
            "name_alias": "alias_subnet",
            "next_hop_addr": "",
            "parent_dn": "uni/tn-tn-infra/BD-tn-infra-vl602_db_bd",
            "preferred": "no",
            "relation_fv_rs_bd_subnet_to_out": null,
            "relation_fv_rs_bd_subnet_to_profile": "",
            "relation_fv_rs_nd_pfx_pol": "",
            "scope": [
              "public"
            ],
            "virtual": "no"
          },
          "sensitive_attributes": [],
          "private": "eyJzY2hlbWFfdmVyc2lvbiI6IjEifQ==",
          "dependencies": [
            "aci_bridge_domain.tn-infra-vl602-infra-db-bd",
            "aci_tenant.tn-infra",
            "aci_vrf.tn-infra-vrf-UAT"
          ]
        }
      ]
    },
    {
      "mode": "managed",
      "type": "aci_tenant",
      "name": "tn-3pt",
      "provider": "provider[\"registry.terraform.io/ciscodevnet/aci\"]",
      "instances": [
        {
          "schema_version": 2,
          "attributes": {
            "annotation": "orchestrator:terraform",
            "annotations": [],
            "description": "",
            "id": "uni/tn-tn-3pt",
            "name": "tn-3pt",
            "name_alias": "",
            "owner_key": "",
            "owner_tag": "",
            "relation_fv_rs_tenant_mon_pol": "uni/tn-common/monepg-default",
            "relation_fv_rs_tn_deny_rule": [],
            "relation_to_monitoring_policy": {
              "annotation": "",
              "annotations": [],
              "monitoring_policy_name": "",
              "tags": []
            },
            "tags": []
          },
          "sensitive_attributes": []
        }
      ]
    },
    {
      "mode": "managed",
      "type": "aci_tenant",
      "name": "tn-corp",
      "provider": "provider[\"registry.terraform.io/ciscodevnet/aci\"]",
      "instances": [
        {
          "schema_version": 2,
          "attributes": {
            "annotation": "orchestrator:terraform",
            "annotations": [],
            "description": "",
            "id": "uni/tn-tn-corp",
            "name": "tn-corp",
            "name_alias": "",
            "owner_key": "",
            "owner_tag": "",
            "relation_fv_rs_tenant_mon_pol": "uni/tn-common/monepg-default",
            "relation_fv_rs_tn_deny_rule": [],
            "relation_to_monitoring_policy": {
              "annotation": "",
              "annotations": [],
              "monitoring_policy_name": "",
              "tags": []
            },
            "tags": []
          },
          "sensitive_attributes": []
        }
      ]
    },
    {
      "mode": "managed",
      "type": "aci_tenant",
      "name": "tn-infra",
      "provider": "provider[\"registry.terraform.io/ciscodevnet/aci\"]",
      "instances": [
        {
          "schema_version": 2,
          "attributes": {
            "annotation": "orchestrator:terraform",
            "annotations": [],
            "description": "",
            "id": "uni/tn-tn-infra",
            "name": "tn-infra",
            "name_alias": "",
            "owner_key": "",
            "owner_tag": "",
            "relation_fv_rs_tenant_mon_pol": "uni/tn-common/monepg-default",
            "relation_fv_rs_tn_deny_rule": [],
            "relation_to_monitoring_policy": {
              "annotation": "",
              "annotations": [],
              "monitoring_policy_name": "",
              "tags": []
            },
            "tags": []
          },
          "sensitive_attributes": []
        }
      ]
    },
    {
      "mode": "managed",
      "type": "aci_vlan_pool",
      "name": "vlp-corp",
      "provider": "provider[\"registry.terraform.io/ciscodevnet/aci\"]",
      "instances": [
        {
          "schema_version": 1,
          "attributes": {
            "alloc_mode": "static",
            "annotation": "orchestrator:terraform",
            "description": "",
            "id": "uni/infra/vlanns-[vlp-corp]-static",
            "name": "vlp-corp",
            "name_alias": ""
          },
          "sensitive_attributes": [],
          "private": "eyJzY2hlbWFfdmVyc2lvbiI6IjEifQ=="
        }
      ]
    },
    {
      "mode": "managed",
      "type": "aci_vrf",
      "name": "tn-3pt-vrf-DEV",
      "provider": "provider[\"registry.terraform.io/ciscodevnet/aci\"]",
      "instances": [
        {
          "schema_version": 2,
          "attributes": {
            "annotation": "orchestrator:terraform",
            "annotations": [],
            "bd_enforced_enable": "no",
            "bd_enforcement": "no",
            "description": "",
            "id": "uni/tn-tn-3pt/ctx-tn-3pt-vrf-DEV",
            "ip_data_plane_learning": "enabled",
            "knw_mcast_act": null,
            "name": "tn-3pt-vrf-DEV",
            "name_alias": "",
            "owner_key": "",
            "owner_tag": "",
            "parent_dn": "uni/tn-tn-3pt",
            "pc_enf_dir": "ingress",
            "pc_enf_pref": "enforced",
            "pc_tag": "49153",
            "policy_control_enforcement_direction": "ingress",
            "policy_control_enforcement_mode": "enforced",
            "relation_fv_rs_bgp_ctx_pol": "uni/tn-common/bgpCtxP-default",
            "relation_fv_rs_ctx_mcast_to": [],
            "relation_fv_rs_ctx_mon_pol": null,
            "relation_fv_rs_ctx_to_bgp_ctx_af_pol": [],
            "relation_fv_rs_ctx_to_eigrp_ctx_af_pol": [],
            "relation_fv_rs_ctx_to_ep_ret": "uni/tn-common/epRPol-default",
            "relation_fv_rs_ctx_to_ext_route_tag_pol": "uni/tn-common/rttag-default",
            "relation_fv_rs_ctx_to_ospf_ctx_pol": [],
            "relation_fv_rs_ospf_ctx_pol": "uni/tn-common/ospfCtxP-default",
            "relation_fv_rs_vrf_validation_pol": null,
            "relation_to_address_family_ospf_timers": [],
            "relation_to_bgp_address_family_contexts": [],
            "relation_to_bgp_timers": {
              "annotation": "",
              "annotations": [],
              "bgp_timers_name": "",
              "tags": []
            },
            "relation_to_eigrp_address_family_contexts": [],
            "relation_to_end_point_retention_policy": {
              "annotation": "",
              "annotations": [],
              "end_point_retention_policy_name": "",
              "tags": []
            },
            "relation_to_l3out_route_tag_policy": {
              "annotation": "",
              "annotations": [],
              "l3out_route_tag_policy_name": "",
              "tags": []
            },
            "relation_to_monitoring_policy": {
              "annotation": null,
              "annotations": null,
              "monitoring_policy_name": null,
              "tags": null
            },
            "relation_to_ospf_timers": {
              "annotation": "",
              "annotations": [],
              "ospf_timers_name": "",
              "tags": []
            },
            "relation_to_wan_vpn": {
              "annotation": null,
              "annotations": null,
              "tags": null,
              "target_dn": null
            },
            "scope": "2097153",
            "tags": [],
            "tenant_dn": "uni/tn-tn-3pt"
          },
          "sensitive_attributes": [],
          "dependencies": [
            "aci_tenant.tn-3pt"
          ]
        }
      ]
    },
    {
      "mode": "managed",
      "type": "aci_vrf",
      "name": "tn-3pt-vrf-PRD",
      "provider": "provider[\"registry.terraform.io/ciscodevnet/aci\"]",
      "instances": [
        {
          "schema_version": 2,
          "attributes": {
            "annotation": "orchestrator:terraform",
            "annotations": [],
            "bd_enforced_enable": "no",
            "bd_enforcement": "no",
            "description": "",
            "id": "uni/tn-tn-3pt/ctx-tn-3pt-vrf-PRD",
            "ip_data_plane_learning": "enabled",
            "knw_mcast_act": null,
            "name": "tn-3pt-vrf-PRD",
            "name_alias": "",
            "owner_key": "",
            "owner_tag": "",
            "parent_dn": "uni/tn-tn-3pt",
            "pc_enf_dir": "ingress",
            "pc_enf_pref": "enforced",
            "pc_tag": "49153",
            "policy_control_enforcement_direction": "ingress",
            "policy_control_enforcement_mode": "enforced",
            "relation_fv_rs_bgp_ctx_pol": "uni/tn-common/bgpCtxP-default",
            "relation_fv_rs_ctx_mcast_to": [],
            "relation_fv_rs_ctx_mon_pol": null,
            "relation_fv_rs_ctx_to_bgp_ctx_af_pol": [],
            "relation_fv_rs_ctx_to_eigrp_ctx_af_pol": [],
            "relation_fv_rs_ctx_to_ep_ret": "uni/tn-common/epRPol-default",
            "relation_fv_rs_ctx_to_ext_route_tag_pol": "uni/tn-common/rttag-default",
            "relation_fv_rs_ctx_to_ospf_ctx_pol": [],
            "relation_fv_rs_ospf_ctx_pol": "uni/tn-common/ospfCtxP-default",
            "relation_fv_rs_vrf_validation_pol": null,
            "relation_to_address_family_ospf_timers": [],
            "relation_to_bgp_address_family_contexts": [],
            "relation_to_bgp_timers": {
              "annotation": "",
              "annotations": [],
              "bgp_timers_name": "",
              "tags": []
            },
            "relation_to_eigrp_address_family_contexts": [],
            "relation_to_end_point_retention_policy": {
              "annotation": "",
              "annotations": [],
              "end_point_retention_policy_name": "",
              "tags": []
            },
            "relation_to_l3out_route_tag_policy": {
              "annotation": "",
              "annotations": [],
              "l3out_route_tag_policy_name": "",
              "tags": []
            },
            "relation_to_monitoring_policy": {
              "annotation": null,
              "annotations": null,
              "monitoring_policy_name": null,
              "tags": null
            },
            "relation_to_ospf_timers": {
              "annotation": "",
              "annotations": [],
              "ospf_timers_name": "",
              "tags": []
            },
            "relation_to_wan_vpn": {
              "annotation": null,
              "annotations": null,
              "tags": null,
              "target_dn": null
            },
            "scope": "3112960",
            "tags": [],
            "tenant_dn": "uni/tn-tn-3pt"
          },
          "sensitive_attributes": [],
          "dependencies": [
            "aci_tenant.tn-3pt"
          ]
        }
      ]
    },
    {
      "mode": "managed",
      "type": "aci_vrf",
      "name": "tn-3pt-vrf-UAT",
      "provider": "provider[\"registry.terraform.io/ciscodevnet/aci\"]",
      "instances": [
        {
          "schema_version": 2,
          "attributes": {
            "annotation": "orchestrator:terraform",
            "annotations": [],
            "bd_enforced_enable": "no",
            "bd_enforcement": "no",
            "description": "",
            "id": "uni/tn-tn-3pt/ctx-tn-3pt-vrf-UAT",
            "ip_data_plane_learning": "enabled",
            "knw_mcast_act": null,
            "name": "tn-3pt-vrf-UAT",
            "name_alias": "",
            "owner_key": "",
            "owner_tag": "",
            "parent_dn": "uni/tn-tn-3pt",
            "pc_enf_dir": "ingress",
            "pc_enf_pref": "enforced",
            "pc_tag": "32770",
            "policy_control_enforcement_direction": "ingress",
            "policy_control_enforcement_mode": "enforced",
            "relation_fv_rs_bgp_ctx_pol": "uni/tn-common/bgpCtxP-default",
            "relation_fv_rs_ctx_mcast_to": [],
            "relation_fv_rs_ctx_mon_pol": null,
            "relation_fv_rs_ctx_to_bgp_ctx_af_pol": [],
            "relation_fv_rs_ctx_to_eigrp_ctx_af_pol": [],
            "relation_fv_rs_ctx_to_ep_ret": "uni/tn-common/epRPol-default",
            "relation_fv_rs_ctx_to_ext_route_tag_pol": "uni/tn-common/rttag-default",
            "relation_fv_rs_ctx_to_ospf_ctx_pol": [],
            "relation_fv_rs_ospf_ctx_pol": "uni/tn-common/ospfCtxP-default",
            "relation_fv_rs_vrf_validation_pol": null,
            "relation_to_address_family_ospf_timers": [],
            "relation_to_bgp_address_family_contexts": [],
            "relation_to_bgp_timers": {
              "annotation": "",
              "annotations": [],
              "bgp_timers_name": "",
              "tags": []
            },
            "relation_to_eigrp_address_family_contexts": [],
            "relation_to_end_point_retention_policy": {
              "annotation": "",
              "annotations": [],
              "end_point_retention_policy_name": "",
              "tags": []
            },
            "relation_to_l3out_route_tag_policy": {
              "annotation": "",
              "annotations": [],
              "l3out_route_tag_policy_name": "",
              "tags": []
            },
            "relation_to_monitoring_policy": {
              "annotation": null,
              "annotations": null,
              "monitoring_policy_name": null,
              "tags": null
            },
            "relation_to_ospf_timers": {
              "annotation": "",
              "annotations": [],
              "ospf_timers_name": "",
              "tags": []
            },
            "relation_to_wan_vpn": {
              "annotation": null,
              "annotations": null,
              "tags": null,
              "target_dn": null
            },
            "scope": "2883584",
            "tags": [],
            "tenant_dn": "uni/tn-tn-3pt"
          },
          "sensitive_attributes": [],
          "dependencies": [
            "aci_tenant.tn-3pt"
          ]
        }
      ]
    },
    {
      "mode": "managed",
      "type": "aci_vrf",
      "name": "tn-corp-vrf-DEV",
      "provider": "provider[\"registry.terraform.io/ciscodevnet/aci\"]",
      "instances": [
        {
          "schema_version": 2,
          "attributes": {
            "annotation": "orchestrator:terraform",
            "annotations": [],
            "bd_enforced_enable": "no",
            "bd_enforcement": "no",
            "description": "",
            "id": "uni/tn-tn-corp/ctx-tn-corp-vrf-DEV",
            "ip_data_plane_learning": "enabled",
            "knw_mcast_act": null,
            "name": "tn-corp-vrf-DEV",
            "name_alias": "",
            "owner_key": "",
            "owner_tag": "",
            "parent_dn": "uni/tn-tn-corp",
            "pc_enf_dir": "ingress",
            "pc_enf_pref": "enforced",
            "pc_tag": "16386",
            "policy_control_enforcement_direction": "ingress",
            "policy_control_enforcement_mode": "enforced",
            "relation_fv_rs_bgp_ctx_pol": "uni/tn-common/bgpCtxP-default",
            "relation_fv_rs_ctx_mcast_to": [],
            "relation_fv_rs_ctx_mon_pol": null,
            "relation_fv_rs_ctx_to_bgp_ctx_af_pol": [],
            "relation_fv_rs_ctx_to_eigrp_ctx_af_pol": [],
            "relation_fv_rs_ctx_to_ep_ret": "uni/tn-common/epRPol-default",
            "relation_fv_rs_ctx_to_ext_route_tag_pol": "uni/tn-common/rttag-default",
            "relation_fv_rs_ctx_to_ospf_ctx_pol": [],
            "relation_fv_rs_ospf_ctx_pol": "uni/tn-common/ospfCtxP-default",
            "relation_fv_rs_vrf_validation_pol": null,
            "relation_to_address_family_ospf_timers": [],
            "relation_to_bgp_address_family_contexts": [],
            "relation_to_bgp_timers": {
              "annotation": "",
              "annotations": [],
              "bgp_timers_name": "",
              "tags": []
            },
            "relation_to_eigrp_address_family_contexts": [],
            "relation_to_end_point_retention_policy": {
              "annotation": "",
              "annotations": [],
              "end_point_retention_policy_name": "",
              "tags": []
            },
            "relation_to_l3out_route_tag_policy": {
              "annotation": "",
              "annotations": [],
              "l3out_route_tag_policy_name": "",
              "tags": []
            },
            "relation_to_monitoring_policy": {
              "annotation": null,
              "annotations": null,
              "monitoring_policy_name": null,
              "tags": null
            },
            "relation_to_ospf_timers": {
              "annotation": "",
              "annotations": [],
              "ospf_timers_name": "",
              "tags": []
            },
            "relation_to_wan_vpn": {
              "annotation": null,
              "annotations": null,
              "tags": null,
              "target_dn": null
            },
            "scope": "2981889",
            "tags": [],
            "tenant_dn": "uni/tn-tn-corp"
          },
          "sensitive_attributes": [],
          "dependencies": [
            "aci_tenant.tn-corp"
          ]
        }
      ]
    },
    {
      "mode": "managed",
      "type": "aci_vrf",
      "name": "tn-corp-vrf-PRD",
      "provider": "provider[\"registry.terraform.io/ciscodevnet/aci\"]",
      "instances": [
        {
          "schema_version": 2,
          "attributes": {
            "annotation": "orchestrator:terraform",
            "annotations": [],
            "bd_enforced_enable": "no",
            "bd_enforcement": "no",
            "description": "",
            "id": "uni/tn-tn-corp/ctx-tn-corp-vrf-PRD",
            "ip_data_plane_learning": "enabled",
            "knw_mcast_act": null,
            "name": "tn-corp-vrf-PRD",
            "name_alias": "",
            "owner_key": "",
            "owner_tag": "",
            "parent_dn": "uni/tn-tn-corp",
            "pc_enf_dir": "ingress",
            "pc_enf_pref": "enforced",
            "pc_tag": "49153",
            "policy_control_enforcement_direction": "ingress",
            "policy_control_enforcement_mode": "enforced",
            "relation_fv_rs_bgp_ctx_pol": "uni/tn-common/bgpCtxP-default",
            "relation_fv_rs_ctx_mcast_to": [],
            "relation_fv_rs_ctx_mon_pol": null,
            "relation_fv_rs_ctx_to_bgp_ctx_af_pol": [],
            "relation_fv_rs_ctx_to_eigrp_ctx_af_pol": [],
            "relation_fv_rs_ctx_to_ep_ret": "uni/tn-common/epRPol-default",
            "relation_fv_rs_ctx_to_ext_route_tag_pol": "uni/tn-common/rttag-default",
            "relation_fv_rs_ctx_to_ospf_ctx_pol": [],
            "relation_fv_rs_ospf_ctx_pol": "uni/tn-common/ospfCtxP-default",
            "relation_fv_rs_vrf_validation_pol": null,
            "relation_to_address_family_ospf_timers": [],
            "relation_to_bgp_address_family_contexts": [],
            "relation_to_bgp_timers": {
              "annotation": "",
              "annotations": [],
              "bgp_timers_name": "",
              "tags": []
            },
            "relation_to_eigrp_address_family_contexts": [],
            "relation_to_end_point_retention_policy": {
              "annotation": "",
              "annotations": [],
              "end_point_retention_policy_name": "",
              "tags": []
            },
            "relation_to_l3out_route_tag_policy": {
              "annotation": "",
              "annotations": [],
              "l3out_route_tag_policy_name": "",
              "tags": []
            },
            "relation_to_monitoring_policy": {
              "annotation": null,
              "annotations": null,
              "monitoring_policy_name": null,
              "tags": null
            },
            "relation_to_ospf_timers": {
              "annotation": "",
              "annotations": [],
              "ospf_timers_name": "",
              "tags": []
            },
            "relation_to_wan_vpn": {
              "annotation": null,
              "annotations": null,
              "tags": null,
              "target_dn": null
            },
            "scope": "2457601",
            "tags": [],
            "tenant_dn": "uni/tn-tn-corp"
          },
          "sensitive_attributes": [],
          "dependencies": [
            "aci_tenant.tn-corp"
          ]
        }
      ]
    },
    {
      "mode": "managed",
      "type": "aci_vrf",
      "name": "tn-corp-vrf-UAT",
      "provider": "provider[\"registry.terraform.io/ciscodevnet/aci\"]",
      "instances": [
        {
          "schema_version": 2,
          "attributes": {
            "annotation": "orchestrator:terraform",
            "annotations": [],
            "bd_enforced_enable": "no",
            "bd_enforcement": "no",
            "description": "",
            "id": "uni/tn-tn-corp/ctx-tn-corp-vrf-UAT",
            "ip_data_plane_learning": "enabled",
            "knw_mcast_act": null,
            "name": "tn-corp-vrf-UAT",
            "name_alias": "",
            "owner_key": "",
            "owner_tag": "",
            "parent_dn": "uni/tn-tn-corp",
            "pc_enf_dir": "ingress",
            "pc_enf_pref": "enforced",
            "pc_tag": "16386",
            "policy_control_enforcement_direction": "ingress",
            "policy_control_enforcement_mode": "enforced",
            "relation_fv_rs_bgp_ctx_pol": "uni/tn-common/bgpCtxP-default",
            "relation_fv_rs_ctx_mcast_to": [],
            "relation_fv_rs_ctx_mon_pol": null,
            "relation_fv_rs_ctx_to_bgp_ctx_af_pol": [],
            "relation_fv_rs_ctx_to_eigrp_ctx_af_pol": [],
            "relation_fv_rs_ctx_to_ep_ret": "uni/tn-common/epRPol-default",
            "relation_fv_rs_ctx_to_ext_route_tag_pol": "uni/tn-common/rttag-default",
            "relation_fv_rs_ctx_to_ospf_ctx_pol": [],
            "relation_fv_rs_ospf_ctx_pol": "uni/tn-common/ospfCtxP-default",
            "relation_fv_rs_vrf_validation_pol": null,
            "relation_to_address_family_ospf_timers": [],
            "relation_to_bgp_address_family_contexts": [],
            "relation_to_bgp_timers": {
              "annotation": "",
              "annotations": [],
              "bgp_timers_name": "",
              "tags": []
            },
            "relation_to_eigrp_address_family_contexts": [],
            "relation_to_end_point_retention_policy": {
              "annotation": "",
              "annotations": [],
              "end_point_retention_policy_name": "",
              "tags": []
            },
            "relation_to_l3out_route_tag_policy": {
              "annotation": "",
              "annotations": [],
              "l3out_route_tag_policy_name": "",
              "tags": []
            },
            "relation_to_monitoring_policy": {
              "annotation": null,
              "annotations": null,
              "monitoring_policy_name": null,
              "tags": null
            },
            "relation_to_ospf_timers": {
              "annotation": "",
              "annotations": [],
              "ospf_timers_name": "",
              "tags": []
            },
            "relation_to_wan_vpn": {
              "annotation": null,
              "annotations": null,
              "tags": null,
              "target_dn": null
            },
            "scope": "2392064",
            "tags": [],
            "tenant_dn": "uni/tn-tn-corp"
          },
          "sensitive_attributes": [],
          "dependencies": [
            "aci_tenant.tn-corp"
          ]
        }
      ]
    },
    {
      "mode": "managed",
      "type": "aci_vrf",
      "name": "tn-infra-vrf-DEV",
      "provider": "provider[\"registry.terraform.io/ciscodevnet/aci\"]",
      "instances": [
        {
          "schema_version": 2,
          "attributes": {
            "annotation": "orchestrator:terraform",
            "annotations": [],
            "bd_enforced_enable": "no",
            "bd_enforcement": "no",
            "description": "",
            "id": "uni/tn-tn-infra/ctx-tn-infra-vrf-DEV",
            "ip_data_plane_learning": "enabled",
            "knw_mcast_act": null,
            "name": "tn-infra-vrf-DEV",
            "name_alias": "",
            "owner_key": "",
            "owner_tag": "",
            "parent_dn": "uni/tn-tn-infra",
            "pc_enf_dir": "ingress",
            "pc_enf_pref": "enforced",
            "pc_tag": "32770",
            "policy_control_enforcement_direction": "ingress",
            "policy_control_enforcement_mode": "enforced",
            "relation_fv_rs_bgp_ctx_pol": "uni/tn-common/bgpCtxP-default",
            "relation_fv_rs_ctx_mcast_to": [],
            "relation_fv_rs_ctx_mon_pol": null,
            "relation_fv_rs_ctx_to_bgp_ctx_af_pol": [],
            "relation_fv_rs_ctx_to_eigrp_ctx_af_pol": [],
            "relation_fv_rs_ctx_to_ep_ret": "uni/tn-common/epRPol-default",
            "relation_fv_rs_ctx_to_ext_route_tag_pol": "uni/tn-common/rttag-default",
            "relation_fv_rs_ctx_to_ospf_ctx_pol": [],
            "relation_fv_rs_ospf_ctx_pol": "uni/tn-common/ospfCtxP-default",
            "relation_fv_rs_vrf_validation_pol": null,
            "relation_to_address_family_ospf_timers": [],
            "relation_to_bgp_address_family_contexts": [],
            "relation_to_bgp_timers": {
              "annotation": "",
              "annotations": [],
              "bgp_timers_name": "",
              "tags": []
            },
            "relation_to_eigrp_address_family_contexts": [],
            "relation_to_end_point_retention_policy": {
              "annotation": "",
              "annotations": [],
              "end_point_retention_policy_name": "",
              "tags": []
            },
            "relation_to_l3out_route_tag_policy": {
              "annotation": "",
              "annotations": [],
              "l3out_route_tag_policy_name": "",
              "tags": []
            },
            "relation_to_monitoring_policy": {
              "annotation": null,
              "annotations": null,
              "monitoring_policy_name": null,
              "tags": null
            },
            "relation_to_ospf_timers": {
              "annotation": "",
              "annotations": [],
              "ospf_timers_name": "",
              "tags": []
            },
            "relation_to_wan_vpn": {
              "annotation": null,
              "annotations": null,
              "tags": null,
              "target_dn": null
            },
            "scope": "2523136",
            "tags": [],
            "tenant_dn": "uni/tn-tn-infra"
          },
          "sensitive_attributes": [],
          "dependencies": [
            "aci_tenant.tn-infra"
          ]
        }
      ]
    },
    {
      "mode": "managed",
      "type": "aci_vrf",
      "name": "tn-infra-vrf-PRD",
      "provider": "provider[\"registry.terraform.io/ciscodevnet/aci\"]",
      "instances": [
        {
          "schema_version": 2,
          "attributes": {
            "annotation": "orchestrator:terraform",
            "annotations": [],
            "bd_enforced_enable": "no",
            "bd_enforcement": "no",
            "description": "",
            "id": "uni/tn-tn-infra/ctx-tn-infra-vrf-PRD",
            "ip_data_plane_learning": "enabled",
            "knw_mcast_act": null,
            "name": "tn-infra-vrf-PRD",
            "name_alias": "",
            "owner_key": "",
            "owner_tag": "",
            "parent_dn": "uni/tn-tn-infra",
            "pc_enf_dir": "ingress",
            "pc_enf_pref": "enforced",
            "pc_tag": "16386",
            "policy_control_enforcement_direction": "ingress",
            "policy_control_enforcement_mode": "enforced",
            "relation_fv_rs_bgp_ctx_pol": "uni/tn-common/bgpCtxP-default",
            "relation_fv_rs_ctx_mcast_to": [],
            "relation_fv_rs_ctx_mon_pol": null,
            "relation_fv_rs_ctx_to_bgp_ctx_af_pol": [],
            "relation_fv_rs_ctx_to_eigrp_ctx_af_pol": [],
            "relation_fv_rs_ctx_to_ep_ret": "uni/tn-common/epRPol-default",
            "relation_fv_rs_ctx_to_ext_route_tag_pol": "uni/tn-common/rttag-default",
            "relation_fv_rs_ctx_to_ospf_ctx_pol": [],
            "relation_fv_rs_ospf_ctx_pol": "uni/tn-common/ospfCtxP-default",
            "relation_fv_rs_vrf_validation_pol": null,
            "relation_to_address_family_ospf_timers": [],
            "relation_to_bgp_address_family_contexts": [],
            "relation_to_bgp_timers": {
              "annotation": "",
              "annotations": [],
              "bgp_timers_name": "",
              "tags": []
            },
            "relation_to_eigrp_address_family_contexts": [],
            "relation_to_end_point_retention_policy": {
              "annotation": "",
              "annotations": [],
              "end_point_retention_policy_name": "",
              "tags": []
            },
            "relation_to_l3out_route_tag_policy": {
              "annotation": "",
              "annotations": [],
              "l3out_route_tag_policy_name": "",
              "tags": []
            },
            "relation_to_monitoring_policy": {
              "annotation": null,
              "annotations": null,
              "monitoring_policy_name": null,
              "tags": null
            },
            "relation_to_ospf_timers": {
              "annotation": "",
              "annotations": [],
              "ospf_timers_name": "",
              "tags": []
            },
            "relation_to_wan_vpn": {
              "annotation": null,
              "annotations": null,
              "tags": null,
              "target_dn": null
            },
            "scope": "2424832",
            "tags": [],
            "tenant_dn": "uni/tn-tn-infra"
          },
          "sensitive_attributes": [],
          "dependencies": [
            "aci_tenant.tn-infra"
          ]
        }
      ]
    },
    {
      "mode": "managed",
      "type": "aci_vrf",
      "name": "tn-infra-vrf-UAT",
      "provider": "provider[\"registry.terraform.io/ciscodevnet/aci\"]",
      "instances": [
        {
          "schema_version": 2,
          "attributes": {
            "annotation": "orchestrator:terraform",
            "annotations": [],
            "bd_enforced_enable": "no",
            "bd_enforcement": "no",
            "description": "",
            "id": "uni/tn-tn-infra/ctx-tn-infra-vrf-UAT",
            "ip_data_plane_learning": "enabled",
            "knw_mcast_act": null,
            "name": "tn-infra-vrf-UAT",
            "name_alias": "",
            "owner_key": "",
            "owner_tag": "",
            "parent_dn": "uni/tn-tn-infra",
            "pc_enf_dir": "ingress",
            "pc_enf_pref": "enforced",
            "pc_tag": "16386",
            "policy_control_enforcement_direction": "ingress",
            "policy_control_enforcement_mode": "enforced",
            "relation_fv_rs_bgp_ctx_pol": "uni/tn-common/bgpCtxP-default",
            "relation_fv_rs_ctx_mcast_to": [],
            "relation_fv_rs_ctx_mon_pol": null,
            "relation_fv_rs_ctx_to_bgp_ctx_af_pol": [],
            "relation_fv_rs_ctx_to_eigrp_ctx_af_pol": [],
            "relation_fv_rs_ctx_to_ep_ret": "uni/tn-common/epRPol-default",
            "relation_fv_rs_ctx_to_ext_route_tag_pol": "uni/tn-common/rttag-default",
            "relation_fv_rs_ctx_to_ospf_ctx_pol": [],
            "relation_fv_rs_ospf_ctx_pol": "uni/tn-common/ospfCtxP-default",
            "relation_fv_rs_vrf_validation_pol": null,
            "relation_to_address_family_ospf_timers": [],
            "relation_to_bgp_address_family_contexts": [],
            "relation_to_bgp_timers": {
              "annotation": "",
              "annotations": [],
              "bgp_timers_name": "",
              "tags": []
            },
            "relation_to_eigrp_address_family_contexts": [],
            "relation_to_end_point_retention_policy": {
              "annotation": "",
              "annotations": [],
              "end_point_retention_policy_name": "",
              "tags": []
            },
            "relation_to_l3out_route_tag_policy": {
              "annotation": "",
              "annotations": [],
              "l3out_route_tag_policy_name": "",
              "tags": []
            },
            "relation_to_monitoring_policy": {
              "annotation": null,
              "annotations": null,
              "monitoring_policy_name": null,
              "tags": null
            },
            "relation_to_ospf_timers": {
              "annotation": "",
              "annotations": [],
              "ospf_timers_name": "",
              "tags": []
            },
            "relation_to_wan_vpn": {
              "annotation": null,
              "annotations": null,
              "tags": null,
              "target_dn": null
            },
            "scope": "2686976",
            "tags": [],
            "tenant_dn": "uni/tn-tn-infra"
          },
          "sensitive_attributes": [],
          "dependencies": [
            "aci_tenant.tn-infra"
          ]
        }
      ]
    }
  ],
  "check_results": null
}
